
Microsoft Visual Studio Solution File, Format Version 10.00
# Visual Studio 2008
Project("{2150E333-8FDC-42A3-9474-1A3956D46DE8}") = "Source", "Source", "{15DE9887-5721-421E-9EE0-714D8EF2104E}"
EndProject
Project("{2150E333-8FDC-42A3-9474-1A3956D46DE8}") = "Test", "Test", "{3ACB9FCB-420F-4555-BCE4-F98F9A569B70}"
EndProject
Project("{2150E333-8FDC-42A3-9474-1A3956D46DE8}") = "Solution Items", "Solution Items", "{F6BC8907-80FA-491E-9404-29C401A17FD7}"
	ProjectSection(SolutionItems) = preProject
		AutofacContrib.build = AutofacContrib.build
		AutofacContrib.ccnet.build = AutofacContrib.ccnet.build
		Source\GlobalAssemblyInfo.cs = Source\GlobalAssemblyInfo.cs
		go.cmd = go.cmd
		SharedKey.snk = SharedKey.snk
	EndProjectSection
EndProject
Project("{FAE04EC0-301F-11D3-BF4B-00C04F79EFBC}") = "AutofacContrib.NMock2", "Source\AutofacContrib.NMock2\AutofacContrib.NMock2.csproj", "{C1C4B360-02D0-480A-A567-FD53A5D94FBA}"
EndProject
Project("{FAE04EC0-301F-11D3-BF4B-00C04F79EFBC}") = "AutofacContrib.Startable", "Source\AutofacContrib.Startable\AutofacContrib.Startable.csproj", "{AA451B59-0075-4CFD-A847-AF057BB2084B}"
EndProject
Project("{FAE04EC0-301F-11D3-BF4B-00C04F79EFBC}") = "AutofacContrib.Tests.NMock2", "Test\AutofacContrib.Tests.NMock2\AutofacContrib.Tests.NMock2.csproj", "{7191031D-6065-4E2B-A9DF-E2EED2EB57D0}"
EndProject
Project("{FAE04EC0-301F-11D3-BF4B-00C04F79EFBC}") = "AutofacContrib.Tests.Startable", "Test\AutofacContrib.Tests.Startable\AutofacContrib.Tests.Startable.csproj", "{F2EC19E9-80FF-45C7-A5DF-C21C2A6DD4A7}"
EndProject
Project("{FAE04EC0-301F-11D3-BF4B-00C04F79EFBC}") = "AutofacContrib.DynamicProxy2", "Source\AutofacContrib.DynamicProxy2\AutofacContrib.DynamicProxy2.csproj", "{20325C68-5988-4AEE-954C-2418901AF12E}"
EndProject
Project("{FAE04EC0-301F-11D3-BF4B-00C04F79EFBC}") = "AutofacContrib.Tests.DynamicProxy2", "Test\AutofacContrib.Tests.DynamicProxy2\AutofacContrib.Tests.DynamicProxy2.csproj", "{C2F90D43-6146-4414-8423-D5E6F4EB06D4}"
EndProject
Project("{FAE04EC0-301F-11D3-BF4B-00C04F79EFBC}") = "AutofacContrib.Tests.Moq", "Test\AutofacContrib.Tests.Moq\AutofacContrib.Tests.Moq.csproj", "{55C8A6C6-1852-44DE-BE39-69C04D4C2584}"
EndProject
Project("{FAE04EC0-301F-11D3-BF4B-00C04F79EFBC}") = "AutofacContrib.Moq", "Source\AutofacContrib.Moq\AutofacContrib.Moq.csproj", "{87A53138-12F0-4D07-B85E-734D676D2398}"
EndProject
Project("{FAE04EC0-301F-11D3-BF4B-00C04F79EFBC}") = "AutofacContrib.CommonServiceLocator", "Source\AutofacContrib.CommonServiceLocator\AutofacContrib.CommonServiceLocator.csproj", "{7A6DB23D-117E-4742-A9FA-8A6956DF6829}"
EndProject
Project("{FAE04EC0-301F-11D3-BF4B-00C04F79EFBC}") = "AutofacContrib.Tests.CommonServiceLocator", "Test\AutofacContrib.Tests.CommonServiceLocator\AutofacContrib.Tests.CommonServiceLocator.csproj", "{304C6D1B-7264-408E-BE9B-4F6E6462CF08}"
EndProject
Project("{FAE04EC0-301F-11D3-BF4B-00C04F79EFBC}") = "Autofac.Integration.NHibernate", "Source\Autofac.Integration.NHibernate\Autofac.Integration.NHibernate.csproj", "{1263412A-440E-41F1-9729-3A2B58B03124}"
EndProject
Global
	GlobalSection(SolutionConfigurationPlatforms) = preSolution
		Debug|Any CPU = Debug|Any CPU
		Release|Any CPU = Release|Any CPU
	EndGlobalSection
	GlobalSection(ProjectConfigurationPlatforms) = postSolution
		{C1C4B360-02D0-480A-A567-FD53A5D94FBA}.Debug|Any CPU.ActiveCfg = Debug|Any CPU
		{C1C4B360-02D0-480A-A567-FD53A5D94FBA}.Debug|Any CPU.Build.0 = Debug|Any CPU
		{C1C4B360-02D0-480A-A567-FD53A5D94FBA}.Release|Any CPU.ActiveCfg = Release|Any CPU
		{C1C4B360-02D0-480A-A567-FD53A5D94FBA}.Release|Any CPU.Build.0 = Release|Any CPU
		{AA451B59-0075-4CFD-A847-AF057BB2084B}.Debug|Any CPU.ActiveCfg = Debug|Any CPU
		{AA451B59-0075-4CFD-A847-AF057BB2084B}.Debug|Any CPU.Build.0 = Debug|Any CPU
		{AA451B59-0075-4CFD-A847-AF057BB2084B}.Release|Any CPU.ActiveCfg = Release|Any CPU
		{AA451B59-0075-4CFD-A847-AF057BB2084B}.Release|Any CPU.Build.0 = Release|Any CPU
		{7191031D-6065-4E2B-A9DF-E2EED2EB57D0}.Debug|Any CPU.ActiveCfg = Debug|Any CPU
		{7191031D-6065-4E2B-A9DF-E2EED2EB57D0}.Debug|Any CPU.Build.0 = Debug|Any CPU
		{7191031D-6065-4E2B-A9DF-E2EED2EB57D0}.Release|Any CPU.ActiveCfg = Release|Any CPU
		{7191031D-6065-4E2B-A9DF-E2EED2EB57D0}.Release|Any CPU.Build.0 = Release|Any CPU
		{F2EC19E9-80FF-45C7-A5DF-C21C2A6DD4A7}.Debug|Any CPU.ActiveCfg = Debug|Any CPU
		{F2EC19E9-80FF-45C7-A5DF-C21C2A6DD4A7}.Debug|Any CPU.Build.0 = Debug|Any CPU
		{F2EC19E9-80FF-45C7-A5DF-C21C2A6DD4A7}.Release|Any CPU.ActiveCfg = Release|Any CPU
		{F2EC19E9-80FF-45C7-A5DF-C21C2A6DD4A7}.Release|Any CPU.Build.0 = Release|Any CPU
		{20325C68-5988-4AEE-954C-2418901AF12E}.Debug|Any CPU.ActiveCfg = Debug|Any CPU
		{20325C68-5988-4AEE-954C-2418901AF12E}.Debug|Any CPU.Build.0 = Debug|Any CPU
		{20325C68-5988-4AEE-954C-2418901AF12E}.Release|Any CPU.ActiveCfg = Release|Any CPU
		{20325C68-5988-4AEE-954C-2418901AF12E}.Release|Any CPU.Build.0 = Release|Any CPU
		{C2F90D43-6146-4414-8423-D5E6F4EB06D4}.Debug|Any CPU.ActiveCfg = Debug|Any CPU
		{C2F90D43-6146-4414-8423-D5E6F4EB06D4}.Debug|Any CPU.Build.0 = Debug|Any CPU
		{C2F90D43-6146-4414-8423-D5E6F4EB06D4}.Release|Any CPU.ActiveCfg = Release|Any CPU
		{C2F90D43-6146-4414-8423-D5E6F4EB06D4}.Release|Any CPU.Build.0 = Release|Any CPU
		{55C8A6C6-1852-44DE-BE39-69C04D4C2584}.Debug|Any CPU.ActiveCfg = Debug|Any CPU
		{55C8A6C6-1852-44DE-BE39-69C04D4C2584}.Debug|Any CPU.Build.0 = Debug|Any CPU
		{55C8A6C6-1852-44DE-BE39-69C04D4C2584}.Release|Any CPU.ActiveCfg = Release|Any CPU
		{55C8A6C6-1852-44DE-BE39-69C04D4C2584}.Release|Any CPU.Build.0 = Release|Any CPU
		{87A53138-12F0-4D07-B85E-734D676D2398}.Debug|Any CPU.ActiveCfg = Debug|Any CPU
		{87A53138-12F0-4D07-B85E-734D676D2398}.Debug|Any CPU.Build.0 = Debug|Any CPU
		{87A53138-12F0-4D07-B85E-734D676D2398}.Release|Any CPU.ActiveCfg = Release|Any CPU
		{87A53138-12F0-4D07-B85E-734D676D2398}.Release|Any CPU.Build.0 = Release|Any CPU
		{7A6DB23D-117E-4742-A9FA-8A6956DF6829}.Debug|Any CPU.ActiveCfg = Debug|Any CPU
		{7A6DB23D-117E-4742-A9FA-8A6956DF6829}.Debug|Any CPU.Build.0 = Debug|Any CPU
		{7A6DB23D-117E-4742-A9FA-8A6956DF6829}.Release|Any CPU.ActiveCfg = Release|Any CPU
		{7A6DB23D-117E-4742-A9FA-8A6956DF6829}.Release|Any CPU.Build.0 = Release|Any CPU
		{304C6D1B-7264-408E-BE9B-4F6E6462CF08}.Debug|Any CPU.ActiveCfg = Debug|Any CPU
		{304C6D1B-7264-408E-BE9B-4F6E6462CF08}.Debug|Any CPU.Build.0 = Debug|Any CPU
		{304C6D1B-7264-408E-BE9B-4F6E6462CF08}.Release|Any CPU.ActiveCfg = Release|Any CPU
		{304C6D1B-7264-408E-BE9B-4F6E6462CF08}.Release|Any CPU.Build.0 = Release|Any CPU
		{1263412A-440E-41F1-9729-3A2B58B03124}.Debug|Any CPU.ActiveCfg = Debug|Any CPU
		{1263412A-440E-41F1-9729-3A2B58B03124}.Debug|Any CPU.Build.0 = Debug|Any CPU
		{1263412A-440E-41F1-9729-3A2B58B03124}.Release|Any CPU.ActiveCfg = Release|Any CPU
		{1263412A-440E-41F1-9729-3A2B58B03124}.Release|Any CPU.Build.0 = Release|Any CPU
	EndGlobalSection
	GlobalSection(SolutionProperties) = preSolution
		HideSolutionNode = FALSE
	EndGlobalSection
	GlobalSection(NestedProjects) = preSolution
		{C1C4B360-02D0-480A-A567-FD53A5D94FBA} = {15DE9887-5721-421E-9EE0-714D8EF2104E}
		{AA451B59-0075-4CFD-A847-AF057BB2084B} = {15DE9887-5721-421E-9EE0-714D8EF2104E}
		{20325C68-5988-4AEE-954C-2418901AF12E} = {15DE9887-5721-421E-9EE0-714D8EF2104E}
		{87A53138-12F0-4D07-B85E-734D676D2398} = {15DE9887-5721-421E-9EE0-714D8EF2104E}
		{7A6DB23D-117E-4742-A9FA-8A6956DF6829} = {15DE9887-5721-421E-9EE0-714D8EF2104E}
		{1263412A-440E-41F1-9729-3A2B58B03124} = {15DE9887-5721-421E-9EE0-714D8EF2104E}
		{7191031D-6065-4E2B-A9DF-E2EED2EB57D0} = {3ACB9FCB-420F-4555-BCE4-F98F9A569B70}
		{F2EC19E9-80FF-45C7-A5DF-C21C2A6DD4A7} = {3ACB9FCB-420F-4555-BCE4-F98F9A569B70}
		{C2F90D43-6146-4414-8423-D5E6F4EB06D4} = {3ACB9FCB-420F-4555-BCE4-F98F9A569B70}
		{55C8A6C6-1852-44DE-BE39-69C04D4C2584} = {3ACB9FCB-420F-4555-BCE4-F98F9A569B70}
		{304C6D1B-7264-408E-BE9B-4F6E6462CF08} = {3ACB9FCB-420F-4555-BCE4-F98F9A569B70}
	EndGlobalSection
EndGlobal
