
Microsoft Visual Studio Solution File, Format Version 12.00
# Visual Studio 14
VisualStudioVersion = 14.0.22512.0
MinimumVisualStudioVersion = 10.0.40219.1
Project("{2150E333-8FDC-42A3-9474-1A3956D46DE8}") = "Core", "Core", "{2D17C2B6-9795-40D3-951A-6A62A3A0FA7C}"
EndProject
Project("{2150E333-8FDC-42A3-9474-1A3956D46DE8}") = "Extras", "Extras", "{5ACC2AD3-6E57-4E3D-B534-8E12CF99C18B}"
EndProject
Project("{2150E333-8FDC-42A3-9474-1A3956D46DE8}") = "Core.Tests", "Core.Tests", "{531E6E21-94E9-43C7-AF3F-97E78B42D0C8}"
EndProject
Project("{2150E333-8FDC-42A3-9474-1A3956D46DE8}") = "Extras.Tests", "Extras.Tests", "{98A6896C-CD9D-478F-B74F-D600576C8617}"
EndProject
Project("{2150E333-8FDC-42A3-9474-1A3956D46DE8}") = "Solution Items", "Solution Items", "{A08F3DAB-E605-4245-A54F-A46A573C0225}"
	ProjectSection(SolutionItems) = preProject
		default.proj = default.proj
		PackageVersions.proj = PackageVersions.proj
		SharedKey.snk = SharedKey.snk
	EndProjectSection
EndProject
Project("{FAE04EC0-301F-11D3-BF4B-00C04F79EFBC}") = "Autofac", "Core\Source\Autofac\Autofac.csproj", "{7D018B3E-34A3-423D-AC35-12731F4E0A2C}"
EndProject
Project("{FAE04EC0-301F-11D3-BF4B-00C04F79EFBC}") = "Autofac.Tests", "Core\Tests\Autofac.Tests\Autofac.Tests.csproj", "{B2E242BC-9412-43ED-8BFE-3F12199BD649}"
EndProject
Project("{FAE04EC0-301F-11D3-BF4B-00C04F79EFBC}") = "Autofac.Tests.Scenarios.ScannedAssembly", "Core\Tests\Autofac.Tests.Scenarios.ScannedAssembly\Autofac.Tests.Scenarios.ScannedAssembly.csproj", "{DF1D239B-CDEA-4FFF-A84A-4FE0F8B3DC26}"
EndProject
Project("{2150E333-8FDC-42A3-9474-1A3956D46DE8}") = "Examples", "Examples", "{0822765A-6BFC-4509-ABC7-31443D56B2EF}"
EndProject
Project("{FAE04EC0-301F-11D3-BF4B-00C04F79EFBC}") = "Remember.Model", "Examples\Remember.Model\Remember.Model.csproj", "{225D06BB-05C9-4C2E-BE28-8E77DC0C67EE}"
EndProject
Project("{FAE04EC0-301F-11D3-BF4B-00C04F79EFBC}") = "Remember.Persistence", "Examples\Remember.Persistence\Remember.Persistence.csproj", "{9DE8DA2E-AD61-4C49-ACEB-A790CD1E93DE}"
EndProject
Project("{FAE04EC0-301F-11D3-BF4B-00C04F79EFBC}") = "Remember.Persistence.NHibernate", "Examples\Remember.Persistence.NHibernate\Remember.Persistence.NHibernate.csproj", "{6B8F4473-BF8C-4AF6-8D8C-1B93E628ACF3}"
EndProject
Project("{FAE04EC0-301F-11D3-BF4B-00C04F79EFBC}") = "Remember.Service", "Examples\Remember.Service\Remember.Service.csproj", "{C02A73FD-8F99-4127-878F-01F929C67BAD}"
EndProject
Project("{FAE04EC0-301F-11D3-BF4B-00C04F79EFBC}") = "Remember.Web", "Examples\Remember.Web\Remember.Web.csproj", "{E7BB91D2-EAB1-4E06-AC3A-AA865EFEF12B}"
EndProject
Project("{FAE04EC0-301F-11D3-BF4B-00C04F79EFBC}") = "Autofac.Extras.Moq", "Extras\Source\Autofac.Extras.Moq\Autofac.Extras.Moq.csproj", "{87A53138-12F0-4D07-B85E-734D676D2398}"
EndProject
Project("{FAE04EC0-301F-11D3-BF4B-00C04F79EFBC}") = "Autofac.Extras.Multitenant", "Extras\Source\Autofac.Extras.Multitenant\Autofac.Extras.Multitenant.csproj", "{321CEF70-1C21-4CF0-BE04-4F72427A88D6}"
EndProject
Project("{FAE04EC0-301F-11D3-BF4B-00C04F79EFBC}") = "Autofac.Extras.MvvmCross", "Extras\Source\Autofac.Extras.MvvmCross\Autofac.Extras.MvvmCross.csproj", "{1C6A45CE-216B-4F3B-8EBC-CB8782B76E7E}"
EndProject
Project("{FAE04EC0-301F-11D3-BF4B-00C04F79EFBC}") = "Autofac.Extras.NHibernate", "Extras\Source\Autofac.Extras.NHibernate\Autofac.Extras.NHibernate.csproj", "{1263412A-440E-41F1-9729-3A2B58B03124}"
EndProject
Project("{FAE04EC0-301F-11D3-BF4B-00C04F79EFBC}") = "AttributedExample.ConsoleApplication", "Examples\AttributedExample.ConsoleApplication\AttributedExample.ConsoleApplication.csproj", "{CB6B42DE-2464-49A3-9533-8DEBF64A8D8F}"
EndProject
Project("{FAE04EC0-301F-11D3-BF4B-00C04F79EFBC}") = "EnterpriseLibraryExample.MvcApplication", "Examples\EnterpriseLibraryExample.MvcApplication\EnterpriseLibraryExample.MvcApplication.csproj", "{AA1B1114-2E7C-4B42-BC75-E91888C9C2C1}"
EndProject
Project("{FAE04EC0-301F-11D3-BF4B-00C04F79EFBC}") = "MultitenantExample.ConsoleApplication", "Examples\MultitenantExample.ConsoleApplication\MultitenantExample.ConsoleApplication.csproj", "{7DC9BFB3-8F43-437D-81E2-BE540A017E70}"
EndProject
Project("{FAE04EC0-301F-11D3-BF4B-00C04F79EFBC}") = "MultitenantExample.MvcApplication", "Examples\MultitenantExample.MvcApplication\MultitenantExample.MvcApplication.csproj", "{6F1BD5E2-8195-40AD-85B5-CF1BFB3CCE7F}"
EndProject
Project("{FAE04EC0-301F-11D3-BF4B-00C04F79EFBC}") = "MultitenantExample.WcfService", "Examples\MultitenantExample.WcfService\MultitenantExample.WcfService.csproj", "{637C4B18-56BE-4E75-A7CD-7B79C489D33C}"
EndProject
Project("{FAE04EC0-301F-11D3-BF4B-00C04F79EFBC}") = "Autofac.Extras.Tests.Moq", "Extras\Tests\Autofac.Extras.Tests.Moq\Autofac.Extras.Tests.Moq.csproj", "{55C8A6C6-1852-44DE-BE39-69C04D4C2584}"
EndProject
Project("{FAE04EC0-301F-11D3-BF4B-00C04F79EFBC}") = "Autofac.Extras.Tests.Multitenant", "Extras\Tests\Autofac.Extras.Tests.Multitenant\Autofac.Extras.Tests.Multitenant.csproj", "{5EFE64A7-50F3-4F80-BCF8-9FFE89832349}"
EndProject
Project("{FAE04EC0-301F-11D3-BF4B-00C04F79EFBC}") = "Autofac.Extras.Tests.MvvmCross", "Extras\Tests\Autofac.Extras.Tests.MvvmCross\Autofac.Extras.Tests.MvvmCross.csproj", "{BFC1B673-4FB5-4240-8495-095802188DFD}"
EndProject
Project("{FAE04EC0-301F-11D3-BF4B-00C04F79EFBC}") = "DomainServicesExample", "Examples\DomainServicesExample\DomainServicesExample.csproj", "{4EAB58EC-EEA6-4183-90B6-847183C9A75F}"
	ProjectSection(ProjectDependencies) = postProject
		{E7BB91D2-EAB1-4E06-AC3A-AA865EFEF12B} = {E7BB91D2-EAB1-4E06-AC3A-AA865EFEF12B}
	EndProjectSection
EndProject
Project("{FAE04EC0-301F-11D3-BF4B-00C04F79EFBC}") = "Autofac.Extras.FakeItEasy", "Extras\Source\Autofac.Extras.FakeItEasy\Autofac.Extras.FakeItEasy.csproj", "{2BFDBAB2-E2DA-4588-AE2D-133896FF8861}"
EndProject
Project("{FAE04EC0-301F-11D3-BF4B-00C04F79EFBC}") = "Autofac.Extras.Tests.FakeItEasy", "Extras\Tests\Autofac.Extras.Tests.FakeItEasy\Autofac.Extras.Tests.FakeItEasy.csproj", "{F8482A7A-CAA1-4D8B-BD67-1BB5FBD3A938}"
EndProject
Project("{FAE04EC0-301F-11D3-BF4B-00C04F79EFBC}") = "Autofac.Extras.Multitenant.Wcf", "Extras\Source\Autofac.Extras.Multitenant.Wcf\Autofac.Extras.Multitenant.Wcf.csproj", "{760CFE4C-3320-4D33-A812-66728EF0B30A}"
EndProject
Project("{FAE04EC0-301F-11D3-BF4B-00C04F79EFBC}") = "Autofac.Extras.Tests.Multitenant.Wcf", "Extras\Tests\Autofac.Extras.Tests.Multitenant.Wcf\Autofac.Extras.Tests.Multitenant.Wcf.csproj", "{50EA8D8F-AD48-4212-92F7-5A816183DC06}"
EndProject
Project("{2150E333-8FDC-42A3-9474-1A3956D46DE8}") = ".nuget", ".nuget", "{995BD3EE-8464-4AA0-874D-85BBCC9DD7E7}"
	ProjectSection(SolutionItems) = preProject
		.nuget\packages.config = .nuget\packages.config
	EndProjectSection
EndProject
Project("{FAE04EC0-301F-11D3-BF4B-00C04F79EFBC}") = "OwinWebApi.ConsoleApplication", "Examples\OwinWebApi.ConsoleApplication\OwinWebApi.ConsoleApplication.csproj", "{07EC4968-EE0B-4EA9-9ED8-165CED3BB62B}"
EndProject
Project("{8BB2217D-0F2D-49D1-97BC-3654ED321F3B}") = "Autofac.AspNetCore50", "Core\Source\Autofac\Autofac.AspNetCore50.kproj", "{EF9CFC2A-7619-4128-A71D-1F55721FE4B7}"
EndProject
Project("{8BB2217D-0F2D-49D1-97BC-3654ED321F3B}") = "Autofac.Integration.AspNet", "Core\Source\Autofac.Integration.AspNet\Autofac.Integration.AspNet.kproj", "{693F7688-623C-4330-896E-F66D16C69CC7}"
EndProject
Project("{8BB2217D-0F2D-49D1-97BC-3654ED321F3B}") = "AspNet50Example.WebApplication", "Examples\AspNet50Example.WebApplication\AspNet50Example.WebApplication.kproj", "{8BE3DA70-CDBE-4ADA-ACAF-72F8AFCECE07}"
EndProject
Global
	GlobalSection(SolutionConfigurationPlatforms) = preSolution
		Debug|Any CPU = Debug|Any CPU
		Debug|ARM = Debug|ARM
		Debug|x64 = Debug|x64
		Debug|x86 = Debug|x86
		Release|Any CPU = Release|Any CPU
		Release|ARM = Release|ARM
		Release|x64 = Release|x64
		Release|x86 = Release|x86
	EndGlobalSection
	GlobalSection(ProjectConfigurationPlatforms) = postSolution
		{7D018B3E-34A3-423D-AC35-12731F4E0A2C}.Debug|Any CPU.ActiveCfg = Debug|Any CPU
		{7D018B3E-34A3-423D-AC35-12731F4E0A2C}.Debug|Any CPU.Build.0 = Debug|Any CPU
		{7D018B3E-34A3-423D-AC35-12731F4E0A2C}.Debug|ARM.ActiveCfg = Debug|Any CPU
		{7D018B3E-34A3-423D-AC35-12731F4E0A2C}.Debug|x64.ActiveCfg = Debug|Any CPU
		{7D018B3E-34A3-423D-AC35-12731F4E0A2C}.Debug|x86.ActiveCfg = Debug|Any CPU
		{7D018B3E-34A3-423D-AC35-12731F4E0A2C}.Release|Any CPU.ActiveCfg = Release|Any CPU
		{7D018B3E-34A3-423D-AC35-12731F4E0A2C}.Release|Any CPU.Build.0 = Release|Any CPU
		{7D018B3E-34A3-423D-AC35-12731F4E0A2C}.Release|ARM.ActiveCfg = Release|Any CPU
		{7D018B3E-34A3-423D-AC35-12731F4E0A2C}.Release|x64.ActiveCfg = Release|Any CPU
		{7D018B3E-34A3-423D-AC35-12731F4E0A2C}.Release|x86.ActiveCfg = Release|Any CPU
		{B2E242BC-9412-43ED-8BFE-3F12199BD649}.Debug|Any CPU.ActiveCfg = Debug|Any CPU
		{B2E242BC-9412-43ED-8BFE-3F12199BD649}.Debug|Any CPU.Build.0 = Debug|Any CPU
		{B2E242BC-9412-43ED-8BFE-3F12199BD649}.Debug|ARM.ActiveCfg = Debug|Any CPU
		{B2E242BC-9412-43ED-8BFE-3F12199BD649}.Debug|x64.ActiveCfg = Debug|Any CPU
		{B2E242BC-9412-43ED-8BFE-3F12199BD649}.Debug|x86.ActiveCfg = Debug|Any CPU
		{B2E242BC-9412-43ED-8BFE-3F12199BD649}.Release|Any CPU.ActiveCfg = Release|Any CPU
		{B2E242BC-9412-43ED-8BFE-3F12199BD649}.Release|Any CPU.Build.0 = Release|Any CPU
		{B2E242BC-9412-43ED-8BFE-3F12199BD649}.Release|ARM.ActiveCfg = Release|Any CPU
		{B2E242BC-9412-43ED-8BFE-3F12199BD649}.Release|x64.ActiveCfg = Release|Any CPU
		{B2E242BC-9412-43ED-8BFE-3F12199BD649}.Release|x86.ActiveCfg = Release|Any CPU
		{DF1D239B-CDEA-4FFF-A84A-4FE0F8B3DC26}.Debug|Any CPU.ActiveCfg = Debug|Any CPU
		{DF1D239B-CDEA-4FFF-A84A-4FE0F8B3DC26}.Debug|Any CPU.Build.0 = Debug|Any CPU
		{DF1D239B-CDEA-4FFF-A84A-4FE0F8B3DC26}.Debug|ARM.ActiveCfg = Debug|Any CPU
		{DF1D239B-CDEA-4FFF-A84A-4FE0F8B3DC26}.Debug|x64.ActiveCfg = Debug|Any CPU
		{DF1D239B-CDEA-4FFF-A84A-4FE0F8B3DC26}.Debug|x86.ActiveCfg = Debug|Any CPU
		{DF1D239B-CDEA-4FFF-A84A-4FE0F8B3DC26}.Release|Any CPU.ActiveCfg = Release|Any CPU
		{DF1D239B-CDEA-4FFF-A84A-4FE0F8B3DC26}.Release|Any CPU.Build.0 = Release|Any CPU
		{DF1D239B-CDEA-4FFF-A84A-4FE0F8B3DC26}.Release|ARM.ActiveCfg = Release|Any CPU
		{DF1D239B-CDEA-4FFF-A84A-4FE0F8B3DC26}.Release|x64.ActiveCfg = Release|Any CPU
		{DF1D239B-CDEA-4FFF-A84A-4FE0F8B3DC26}.Release|x86.ActiveCfg = Release|Any CPU
		{225D06BB-05C9-4C2E-BE28-8E77DC0C67EE}.Debug|Any CPU.ActiveCfg = Debug|Any CPU
		{225D06BB-05C9-4C2E-BE28-8E77DC0C67EE}.Debug|Any CPU.Build.0 = Debug|Any CPU
		{225D06BB-05C9-4C2E-BE28-8E77DC0C67EE}.Debug|ARM.ActiveCfg = Debug|Any CPU
		{225D06BB-05C9-4C2E-BE28-8E77DC0C67EE}.Debug|x64.ActiveCfg = Debug|Any CPU
		{225D06BB-05C9-4C2E-BE28-8E77DC0C67EE}.Debug|x86.ActiveCfg = Debug|Any CPU
		{225D06BB-05C9-4C2E-BE28-8E77DC0C67EE}.Release|Any CPU.ActiveCfg = Release|Any CPU
		{225D06BB-05C9-4C2E-BE28-8E77DC0C67EE}.Release|ARM.ActiveCfg = Release|Any CPU
		{225D06BB-05C9-4C2E-BE28-8E77DC0C67EE}.Release|x64.ActiveCfg = Release|Any CPU
		{225D06BB-05C9-4C2E-BE28-8E77DC0C67EE}.Release|x86.ActiveCfg = Release|Any CPU
		{9DE8DA2E-AD61-4C49-ACEB-A790CD1E93DE}.Debug|Any CPU.ActiveCfg = Debug|Any CPU
		{9DE8DA2E-AD61-4C49-ACEB-A790CD1E93DE}.Debug|Any CPU.Build.0 = Debug|Any CPU
		{9DE8DA2E-AD61-4C49-ACEB-A790CD1E93DE}.Debug|ARM.ActiveCfg = Debug|Any CPU
		{9DE8DA2E-AD61-4C49-ACEB-A790CD1E93DE}.Debug|x64.ActiveCfg = Debug|Any CPU
		{9DE8DA2E-AD61-4C49-ACEB-A790CD1E93DE}.Debug|x86.ActiveCfg = Debug|Any CPU
		{9DE8DA2E-AD61-4C49-ACEB-A790CD1E93DE}.Release|Any CPU.ActiveCfg = Release|Any CPU
		{9DE8DA2E-AD61-4C49-ACEB-A790CD1E93DE}.Release|ARM.ActiveCfg = Release|Any CPU
		{9DE8DA2E-AD61-4C49-ACEB-A790CD1E93DE}.Release|x64.ActiveCfg = Release|Any CPU
		{9DE8DA2E-AD61-4C49-ACEB-A790CD1E93DE}.Release|x86.ActiveCfg = Release|Any CPU
		{6B8F4473-BF8C-4AF6-8D8C-1B93E628ACF3}.Debug|Any CPU.ActiveCfg = Debug|Any CPU
		{6B8F4473-BF8C-4AF6-8D8C-1B93E628ACF3}.Debug|Any CPU.Build.0 = Debug|Any CPU
		{6B8F4473-BF8C-4AF6-8D8C-1B93E628ACF3}.Debug|ARM.ActiveCfg = Debug|Any CPU
		{6B8F4473-BF8C-4AF6-8D8C-1B93E628ACF3}.Debug|x64.ActiveCfg = Debug|Any CPU
		{6B8F4473-BF8C-4AF6-8D8C-1B93E628ACF3}.Debug|x86.ActiveCfg = Debug|Any CPU
		{6B8F4473-BF8C-4AF6-8D8C-1B93E628ACF3}.Release|Any CPU.ActiveCfg = Release|Any CPU
		{6B8F4473-BF8C-4AF6-8D8C-1B93E628ACF3}.Release|ARM.ActiveCfg = Release|Any CPU
		{6B8F4473-BF8C-4AF6-8D8C-1B93E628ACF3}.Release|x64.ActiveCfg = Release|Any CPU
		{6B8F4473-BF8C-4AF6-8D8C-1B93E628ACF3}.Release|x86.ActiveCfg = Release|Any CPU
		{C02A73FD-8F99-4127-878F-01F929C67BAD}.Debug|Any CPU.ActiveCfg = Debug|Any CPU
		{C02A73FD-8F99-4127-878F-01F929C67BAD}.Debug|Any CPU.Build.0 = Debug|Any CPU
		{C02A73FD-8F99-4127-878F-01F929C67BAD}.Debug|ARM.ActiveCfg = Debug|Any CPU
		{C02A73FD-8F99-4127-878F-01F929C67BAD}.Debug|x64.ActiveCfg = Debug|Any CPU
		{C02A73FD-8F99-4127-878F-01F929C67BAD}.Debug|x86.ActiveCfg = Debug|Any CPU
		{C02A73FD-8F99-4127-878F-01F929C67BAD}.Release|Any CPU.ActiveCfg = Release|Any CPU
		{C02A73FD-8F99-4127-878F-01F929C67BAD}.Release|ARM.ActiveCfg = Release|Any CPU
		{C02A73FD-8F99-4127-878F-01F929C67BAD}.Release|x64.ActiveCfg = Release|Any CPU
		{C02A73FD-8F99-4127-878F-01F929C67BAD}.Release|x86.ActiveCfg = Release|Any CPU
		{E7BB91D2-EAB1-4E06-AC3A-AA865EFEF12B}.Debug|Any CPU.ActiveCfg = Debug|Any CPU
		{E7BB91D2-EAB1-4E06-AC3A-AA865EFEF12B}.Debug|Any CPU.Build.0 = Debug|Any CPU
		{E7BB91D2-EAB1-4E06-AC3A-AA865EFEF12B}.Debug|ARM.ActiveCfg = Debug|Any CPU
		{E7BB91D2-EAB1-4E06-AC3A-AA865EFEF12B}.Debug|x64.ActiveCfg = Debug|Any CPU
		{E7BB91D2-EAB1-4E06-AC3A-AA865EFEF12B}.Debug|x86.ActiveCfg = Debug|Any CPU
		{E7BB91D2-EAB1-4E06-AC3A-AA865EFEF12B}.Release|Any CPU.ActiveCfg = Release|Any CPU
		{E7BB91D2-EAB1-4E06-AC3A-AA865EFEF12B}.Release|ARM.ActiveCfg = Release|Any CPU
		{E7BB91D2-EAB1-4E06-AC3A-AA865EFEF12B}.Release|x64.ActiveCfg = Release|Any CPU
		{E7BB91D2-EAB1-4E06-AC3A-AA865EFEF12B}.Release|x86.ActiveCfg = Release|Any CPU
		{87A53138-12F0-4D07-B85E-734D676D2398}.Debug|Any CPU.ActiveCfg = Debug|Any CPU
		{87A53138-12F0-4D07-B85E-734D676D2398}.Debug|Any CPU.Build.0 = Debug|Any CPU
		{87A53138-12F0-4D07-B85E-734D676D2398}.Debug|ARM.ActiveCfg = Debug|Any CPU
		{87A53138-12F0-4D07-B85E-734D676D2398}.Debug|x64.ActiveCfg = Debug|Any CPU
		{87A53138-12F0-4D07-B85E-734D676D2398}.Debug|x86.ActiveCfg = Debug|Any CPU
		{87A53138-12F0-4D07-B85E-734D676D2398}.Release|Any CPU.ActiveCfg = Release|Any CPU
		{87A53138-12F0-4D07-B85E-734D676D2398}.Release|Any CPU.Build.0 = Release|Any CPU
		{87A53138-12F0-4D07-B85E-734D676D2398}.Release|ARM.ActiveCfg = Release|Any CPU
		{87A53138-12F0-4D07-B85E-734D676D2398}.Release|x64.ActiveCfg = Release|Any CPU
		{87A53138-12F0-4D07-B85E-734D676D2398}.Release|x86.ActiveCfg = Release|Any CPU
		{321CEF70-1C21-4CF0-BE04-4F72427A88D6}.Debug|Any CPU.ActiveCfg = Debug|Any CPU
		{321CEF70-1C21-4CF0-BE04-4F72427A88D6}.Debug|Any CPU.Build.0 = Debug|Any CPU
		{321CEF70-1C21-4CF0-BE04-4F72427A88D6}.Debug|ARM.ActiveCfg = Debug|Any CPU
		{321CEF70-1C21-4CF0-BE04-4F72427A88D6}.Debug|x64.ActiveCfg = Debug|Any CPU
		{321CEF70-1C21-4CF0-BE04-4F72427A88D6}.Debug|x86.ActiveCfg = Debug|Any CPU
		{321CEF70-1C21-4CF0-BE04-4F72427A88D6}.Release|Any CPU.ActiveCfg = Release|Any CPU
		{321CEF70-1C21-4CF0-BE04-4F72427A88D6}.Release|Any CPU.Build.0 = Release|Any CPU
		{321CEF70-1C21-4CF0-BE04-4F72427A88D6}.Release|ARM.ActiveCfg = Release|Any CPU
		{321CEF70-1C21-4CF0-BE04-4F72427A88D6}.Release|x64.ActiveCfg = Release|Any CPU
		{321CEF70-1C21-4CF0-BE04-4F72427A88D6}.Release|x86.ActiveCfg = Release|Any CPU
		{1C6A45CE-216B-4F3B-8EBC-CB8782B76E7E}.Debug|Any CPU.ActiveCfg = Debug|Any CPU
		{1C6A45CE-216B-4F3B-8EBC-CB8782B76E7E}.Debug|Any CPU.Build.0 = Debug|Any CPU
		{1C6A45CE-216B-4F3B-8EBC-CB8782B76E7E}.Debug|ARM.ActiveCfg = Debug|Any CPU
		{1C6A45CE-216B-4F3B-8EBC-CB8782B76E7E}.Debug|x64.ActiveCfg = Debug|Any CPU
		{1C6A45CE-216B-4F3B-8EBC-CB8782B76E7E}.Debug|x86.ActiveCfg = Debug|Any CPU
		{1C6A45CE-216B-4F3B-8EBC-CB8782B76E7E}.Release|Any CPU.ActiveCfg = Release|Any CPU
		{1C6A45CE-216B-4F3B-8EBC-CB8782B76E7E}.Release|Any CPU.Build.0 = Release|Any CPU
		{1C6A45CE-216B-4F3B-8EBC-CB8782B76E7E}.Release|ARM.ActiveCfg = Release|Any CPU
		{1C6A45CE-216B-4F3B-8EBC-CB8782B76E7E}.Release|x64.ActiveCfg = Release|Any CPU
		{1C6A45CE-216B-4F3B-8EBC-CB8782B76E7E}.Release|x86.ActiveCfg = Release|Any CPU
		{1263412A-440E-41F1-9729-3A2B58B03124}.Debug|Any CPU.ActiveCfg = Debug|Any CPU
		{1263412A-440E-41F1-9729-3A2B58B03124}.Debug|Any CPU.Build.0 = Debug|Any CPU
		{1263412A-440E-41F1-9729-3A2B58B03124}.Debug|ARM.ActiveCfg = Debug|Any CPU
		{1263412A-440E-41F1-9729-3A2B58B03124}.Debug|x64.ActiveCfg = Debug|Any CPU
		{1263412A-440E-41F1-9729-3A2B58B03124}.Debug|x86.ActiveCfg = Debug|Any CPU
		{1263412A-440E-41F1-9729-3A2B58B03124}.Release|Any CPU.ActiveCfg = Release|Any CPU
		{1263412A-440E-41F1-9729-3A2B58B03124}.Release|Any CPU.Build.0 = Release|Any CPU
		{1263412A-440E-41F1-9729-3A2B58B03124}.Release|ARM.ActiveCfg = Release|Any CPU
		{1263412A-440E-41F1-9729-3A2B58B03124}.Release|x64.ActiveCfg = Release|Any CPU
		{1263412A-440E-41F1-9729-3A2B58B03124}.Release|x86.ActiveCfg = Release|Any CPU
		{CB6B42DE-2464-49A3-9533-8DEBF64A8D8F}.Debug|Any CPU.ActiveCfg = Debug|Any CPU
		{CB6B42DE-2464-49A3-9533-8DEBF64A8D8F}.Debug|Any CPU.Build.0 = Debug|Any CPU
		{CB6B42DE-2464-49A3-9533-8DEBF64A8D8F}.Debug|ARM.ActiveCfg = Debug|Any CPU
		{CB6B42DE-2464-49A3-9533-8DEBF64A8D8F}.Debug|x64.ActiveCfg = Debug|Any CPU
		{CB6B42DE-2464-49A3-9533-8DEBF64A8D8F}.Debug|x86.ActiveCfg = Debug|x86
		{CB6B42DE-2464-49A3-9533-8DEBF64A8D8F}.Debug|x86.Build.0 = Debug|x86
		{CB6B42DE-2464-49A3-9533-8DEBF64A8D8F}.Release|Any CPU.ActiveCfg = Release|Any CPU
		{CB6B42DE-2464-49A3-9533-8DEBF64A8D8F}.Release|ARM.ActiveCfg = Release|Any CPU
		{CB6B42DE-2464-49A3-9533-8DEBF64A8D8F}.Release|x64.ActiveCfg = Release|Any CPU
		{CB6B42DE-2464-49A3-9533-8DEBF64A8D8F}.Release|x86.ActiveCfg = Release|x86
		{CB6B42DE-2464-49A3-9533-8DEBF64A8D8F}.Release|x86.Build.0 = Release|x86
		{AA1B1114-2E7C-4B42-BC75-E91888C9C2C1}.Debug|Any CPU.ActiveCfg = Debug|Any CPU
		{AA1B1114-2E7C-4B42-BC75-E91888C9C2C1}.Debug|Any CPU.Build.0 = Debug|Any CPU
		{AA1B1114-2E7C-4B42-BC75-E91888C9C2C1}.Debug|ARM.ActiveCfg = Debug|Any CPU
		{AA1B1114-2E7C-4B42-BC75-E91888C9C2C1}.Debug|x64.ActiveCfg = Debug|Any CPU
		{AA1B1114-2E7C-4B42-BC75-E91888C9C2C1}.Debug|x86.ActiveCfg = Debug|Any CPU
		{AA1B1114-2E7C-4B42-BC75-E91888C9C2C1}.Release|Any CPU.ActiveCfg = Release|Any CPU
		{AA1B1114-2E7C-4B42-BC75-E91888C9C2C1}.Release|ARM.ActiveCfg = Release|Any CPU
		{AA1B1114-2E7C-4B42-BC75-E91888C9C2C1}.Release|x64.ActiveCfg = Release|Any CPU
		{AA1B1114-2E7C-4B42-BC75-E91888C9C2C1}.Release|x86.ActiveCfg = Release|Any CPU
		{7DC9BFB3-8F43-437D-81E2-BE540A017E70}.Debug|Any CPU.ActiveCfg = Debug|Any CPU
		{7DC9BFB3-8F43-437D-81E2-BE540A017E70}.Debug|Any CPU.Build.0 = Debug|Any CPU
		{7DC9BFB3-8F43-437D-81E2-BE540A017E70}.Debug|ARM.ActiveCfg = Debug|Any CPU
		{7DC9BFB3-8F43-437D-81E2-BE540A017E70}.Debug|x64.ActiveCfg = Debug|Any CPU
		{7DC9BFB3-8F43-437D-81E2-BE540A017E70}.Debug|x86.ActiveCfg = Debug|x86
		{7DC9BFB3-8F43-437D-81E2-BE540A017E70}.Debug|x86.Build.0 = Debug|x86
		{7DC9BFB3-8F43-437D-81E2-BE540A017E70}.Release|Any CPU.ActiveCfg = Release|Any CPU
		{7DC9BFB3-8F43-437D-81E2-BE540A017E70}.Release|ARM.ActiveCfg = Release|Any CPU
		{7DC9BFB3-8F43-437D-81E2-BE540A017E70}.Release|x64.ActiveCfg = Release|Any CPU
		{7DC9BFB3-8F43-437D-81E2-BE540A017E70}.Release|x86.ActiveCfg = Release|x86
		{7DC9BFB3-8F43-437D-81E2-BE540A017E70}.Release|x86.Build.0 = Release|x86
		{6F1BD5E2-8195-40AD-85B5-CF1BFB3CCE7F}.Debug|Any CPU.ActiveCfg = Debug|Any CPU
		{6F1BD5E2-8195-40AD-85B5-CF1BFB3CCE7F}.Debug|Any CPU.Build.0 = Debug|Any CPU
		{6F1BD5E2-8195-40AD-85B5-CF1BFB3CCE7F}.Debug|ARM.ActiveCfg = Debug|Any CPU
		{6F1BD5E2-8195-40AD-85B5-CF1BFB3CCE7F}.Debug|x64.ActiveCfg = Debug|Any CPU
		{6F1BD5E2-8195-40AD-85B5-CF1BFB3CCE7F}.Debug|x86.ActiveCfg = Debug|Any CPU
		{6F1BD5E2-8195-40AD-85B5-CF1BFB3CCE7F}.Release|Any CPU.ActiveCfg = Release|Any CPU
		{6F1BD5E2-8195-40AD-85B5-CF1BFB3CCE7F}.Release|ARM.ActiveCfg = Release|Any CPU
		{6F1BD5E2-8195-40AD-85B5-CF1BFB3CCE7F}.Release|x64.ActiveCfg = Release|Any CPU
		{6F1BD5E2-8195-40AD-85B5-CF1BFB3CCE7F}.Release|x86.ActiveCfg = Release|Any CPU
		{637C4B18-56BE-4E75-A7CD-7B79C489D33C}.Debug|Any CPU.ActiveCfg = Debug|Any CPU
		{637C4B18-56BE-4E75-A7CD-7B79C489D33C}.Debug|Any CPU.Build.0 = Debug|Any CPU
		{637C4B18-56BE-4E75-A7CD-7B79C489D33C}.Debug|ARM.ActiveCfg = Debug|Any CPU
		{637C4B18-56BE-4E75-A7CD-7B79C489D33C}.Debug|x64.ActiveCfg = Debug|Any CPU
		{637C4B18-56BE-4E75-A7CD-7B79C489D33C}.Debug|x86.ActiveCfg = Debug|Any CPU
		{637C4B18-56BE-4E75-A7CD-7B79C489D33C}.Release|Any CPU.ActiveCfg = Release|Any CPU
		{637C4B18-56BE-4E75-A7CD-7B79C489D33C}.Release|ARM.ActiveCfg = Release|Any CPU
		{637C4B18-56BE-4E75-A7CD-7B79C489D33C}.Release|x64.ActiveCfg = Release|Any CPU
		{637C4B18-56BE-4E75-A7CD-7B79C489D33C}.Release|x86.ActiveCfg = Release|Any CPU
		{55C8A6C6-1852-44DE-BE39-69C04D4C2584}.Debug|Any CPU.ActiveCfg = Debug|Any CPU
		{55C8A6C6-1852-44DE-BE39-69C04D4C2584}.Debug|Any CPU.Build.0 = Debug|Any CPU
		{55C8A6C6-1852-44DE-BE39-69C04D4C2584}.Debug|ARM.ActiveCfg = Debug|Any CPU
		{55C8A6C6-1852-44DE-BE39-69C04D4C2584}.Debug|x64.ActiveCfg = Debug|Any CPU
		{55C8A6C6-1852-44DE-BE39-69C04D4C2584}.Debug|x86.ActiveCfg = Debug|Any CPU
		{55C8A6C6-1852-44DE-BE39-69C04D4C2584}.Release|Any CPU.ActiveCfg = Release|Any CPU
		{55C8A6C6-1852-44DE-BE39-69C04D4C2584}.Release|Any CPU.Build.0 = Release|Any CPU
		{55C8A6C6-1852-44DE-BE39-69C04D4C2584}.Release|ARM.ActiveCfg = Release|Any CPU
		{55C8A6C6-1852-44DE-BE39-69C04D4C2584}.Release|x64.ActiveCfg = Release|Any CPU
		{55C8A6C6-1852-44DE-BE39-69C04D4C2584}.Release|x86.ActiveCfg = Release|Any CPU
		{5EFE64A7-50F3-4F80-BCF8-9FFE89832349}.Debug|Any CPU.ActiveCfg = Debug|Any CPU
		{5EFE64A7-50F3-4F80-BCF8-9FFE89832349}.Debug|Any CPU.Build.0 = Debug|Any CPU
		{5EFE64A7-50F3-4F80-BCF8-9FFE89832349}.Debug|ARM.ActiveCfg = Debug|Any CPU
		{5EFE64A7-50F3-4F80-BCF8-9FFE89832349}.Debug|x64.ActiveCfg = Debug|Any CPU
		{5EFE64A7-50F3-4F80-BCF8-9FFE89832349}.Debug|x86.ActiveCfg = Debug|Any CPU
		{5EFE64A7-50F3-4F80-BCF8-9FFE89832349}.Release|Any CPU.ActiveCfg = Release|Any CPU
		{5EFE64A7-50F3-4F80-BCF8-9FFE89832349}.Release|Any CPU.Build.0 = Release|Any CPU
		{5EFE64A7-50F3-4F80-BCF8-9FFE89832349}.Release|ARM.ActiveCfg = Release|Any CPU
		{5EFE64A7-50F3-4F80-BCF8-9FFE89832349}.Release|x64.ActiveCfg = Release|Any CPU
		{5EFE64A7-50F3-4F80-BCF8-9FFE89832349}.Release|x86.ActiveCfg = Release|Any CPU
		{BFC1B673-4FB5-4240-8495-095802188DFD}.Debug|Any CPU.ActiveCfg = Debug|Any CPU
		{BFC1B673-4FB5-4240-8495-095802188DFD}.Debug|Any CPU.Build.0 = Debug|Any CPU
		{BFC1B673-4FB5-4240-8495-095802188DFD}.Debug|ARM.ActiveCfg = Debug|Any CPU
		{BFC1B673-4FB5-4240-8495-095802188DFD}.Debug|x64.ActiveCfg = Debug|Any CPU
		{BFC1B673-4FB5-4240-8495-095802188DFD}.Debug|x86.ActiveCfg = Debug|Any CPU
		{BFC1B673-4FB5-4240-8495-095802188DFD}.Release|Any CPU.ActiveCfg = Release|Any CPU
		{BFC1B673-4FB5-4240-8495-095802188DFD}.Release|Any CPU.Build.0 = Release|Any CPU
		{BFC1B673-4FB5-4240-8495-095802188DFD}.Release|ARM.ActiveCfg = Release|Any CPU
		{BFC1B673-4FB5-4240-8495-095802188DFD}.Release|x64.ActiveCfg = Release|Any CPU
		{BFC1B673-4FB5-4240-8495-095802188DFD}.Release|x86.ActiveCfg = Release|Any CPU
		{4EAB58EC-EEA6-4183-90B6-847183C9A75F}.Debug|Any CPU.ActiveCfg = Debug|Any CPU
		{4EAB58EC-EEA6-4183-90B6-847183C9A75F}.Debug|Any CPU.Build.0 = Debug|Any CPU
		{4EAB58EC-EEA6-4183-90B6-847183C9A75F}.Debug|ARM.ActiveCfg = Debug|Any CPU
		{4EAB58EC-EEA6-4183-90B6-847183C9A75F}.Debug|x64.ActiveCfg = Debug|Any CPU
		{4EAB58EC-EEA6-4183-90B6-847183C9A75F}.Debug|x86.ActiveCfg = Debug|Any CPU
		{4EAB58EC-EEA6-4183-90B6-847183C9A75F}.Release|Any CPU.ActiveCfg = Release|Any CPU
		{4EAB58EC-EEA6-4183-90B6-847183C9A75F}.Release|ARM.ActiveCfg = Release|Any CPU
		{4EAB58EC-EEA6-4183-90B6-847183C9A75F}.Release|x64.ActiveCfg = Release|Any CPU
		{4EAB58EC-EEA6-4183-90B6-847183C9A75F}.Release|x86.ActiveCfg = Release|Any CPU
		{2BFDBAB2-E2DA-4588-AE2D-133896FF8861}.Debug|Any CPU.ActiveCfg = Debug|Any CPU
		{2BFDBAB2-E2DA-4588-AE2D-133896FF8861}.Debug|Any CPU.Build.0 = Debug|Any CPU
		{2BFDBAB2-E2DA-4588-AE2D-133896FF8861}.Debug|ARM.ActiveCfg = Debug|Any CPU
		{2BFDBAB2-E2DA-4588-AE2D-133896FF8861}.Debug|x64.ActiveCfg = Debug|Any CPU
		{2BFDBAB2-E2DA-4588-AE2D-133896FF8861}.Debug|x86.ActiveCfg = Debug|Any CPU
		{2BFDBAB2-E2DA-4588-AE2D-133896FF8861}.Release|Any CPU.ActiveCfg = Release|Any CPU
		{2BFDBAB2-E2DA-4588-AE2D-133896FF8861}.Release|Any CPU.Build.0 = Release|Any CPU
		{2BFDBAB2-E2DA-4588-AE2D-133896FF8861}.Release|ARM.ActiveCfg = Release|Any CPU
		{2BFDBAB2-E2DA-4588-AE2D-133896FF8861}.Release|x64.ActiveCfg = Release|Any CPU
		{2BFDBAB2-E2DA-4588-AE2D-133896FF8861}.Release|x86.ActiveCfg = Release|Any CPU
		{F8482A7A-CAA1-4D8B-BD67-1BB5FBD3A938}.Debug|Any CPU.ActiveCfg = Debug|Any CPU
		{F8482A7A-CAA1-4D8B-BD67-1BB5FBD3A938}.Debug|Any CPU.Build.0 = Debug|Any CPU
		{F8482A7A-CAA1-4D8B-BD67-1BB5FBD3A938}.Debug|ARM.ActiveCfg = Debug|Any CPU
		{F8482A7A-CAA1-4D8B-BD67-1BB5FBD3A938}.Debug|x64.ActiveCfg = Debug|Any CPU
		{F8482A7A-CAA1-4D8B-BD67-1BB5FBD3A938}.Debug|x86.ActiveCfg = Debug|Any CPU
		{F8482A7A-CAA1-4D8B-BD67-1BB5FBD3A938}.Release|Any CPU.ActiveCfg = Release|Any CPU
		{F8482A7A-CAA1-4D8B-BD67-1BB5FBD3A938}.Release|Any CPU.Build.0 = Release|Any CPU
		{F8482A7A-CAA1-4D8B-BD67-1BB5FBD3A938}.Release|ARM.ActiveCfg = Release|Any CPU
		{F8482A7A-CAA1-4D8B-BD67-1BB5FBD3A938}.Release|x64.ActiveCfg = Release|Any CPU
		{F8482A7A-CAA1-4D8B-BD67-1BB5FBD3A938}.Release|x86.ActiveCfg = Release|Any CPU
		{760CFE4C-3320-4D33-A812-66728EF0B30A}.Debug|Any CPU.ActiveCfg = Debug|Any CPU
		{760CFE4C-3320-4D33-A812-66728EF0B30A}.Debug|Any CPU.Build.0 = Debug|Any CPU
		{760CFE4C-3320-4D33-A812-66728EF0B30A}.Debug|ARM.ActiveCfg = Debug|Any CPU
		{760CFE4C-3320-4D33-A812-66728EF0B30A}.Debug|x64.ActiveCfg = Debug|Any CPU
		{760CFE4C-3320-4D33-A812-66728EF0B30A}.Debug|x86.ActiveCfg = Debug|Any CPU
		{760CFE4C-3320-4D33-A812-66728EF0B30A}.Release|Any CPU.ActiveCfg = Release|Any CPU
		{760CFE4C-3320-4D33-A812-66728EF0B30A}.Release|Any CPU.Build.0 = Release|Any CPU
		{760CFE4C-3320-4D33-A812-66728EF0B30A}.Release|ARM.ActiveCfg = Release|Any CPU
		{760CFE4C-3320-4D33-A812-66728EF0B30A}.Release|x64.ActiveCfg = Release|Any CPU
		{760CFE4C-3320-4D33-A812-66728EF0B30A}.Release|x86.ActiveCfg = Release|Any CPU
		{50EA8D8F-AD48-4212-92F7-5A816183DC06}.Debug|Any CPU.ActiveCfg = Debug|Any CPU
		{50EA8D8F-AD48-4212-92F7-5A816183DC06}.Debug|Any CPU.Build.0 = Debug|Any CPU
		{50EA8D8F-AD48-4212-92F7-5A816183DC06}.Debug|ARM.ActiveCfg = Debug|Any CPU
		{50EA8D8F-AD48-4212-92F7-5A816183DC06}.Debug|x64.ActiveCfg = Debug|Any CPU
		{50EA8D8F-AD48-4212-92F7-5A816183DC06}.Debug|x86.ActiveCfg = Debug|Any CPU
		{50EA8D8F-AD48-4212-92F7-5A816183DC06}.Release|Any CPU.ActiveCfg = Release|Any CPU
		{50EA8D8F-AD48-4212-92F7-5A816183DC06}.Release|Any CPU.Build.0 = Release|Any CPU
		{50EA8D8F-AD48-4212-92F7-5A816183DC06}.Release|ARM.ActiveCfg = Release|Any CPU
		{50EA8D8F-AD48-4212-92F7-5A816183DC06}.Release|x64.ActiveCfg = Release|Any CPU
		{50EA8D8F-AD48-4212-92F7-5A816183DC06}.Release|x86.ActiveCfg = Release|Any CPU
		{07EC4968-EE0B-4EA9-9ED8-165CED3BB62B}.Debug|Any CPU.ActiveCfg = Debug|Any CPU
		{07EC4968-EE0B-4EA9-9ED8-165CED3BB62B}.Debug|Any CPU.Build.0 = Debug|Any CPU
		{07EC4968-EE0B-4EA9-9ED8-165CED3BB62B}.Debug|ARM.ActiveCfg = Debug|Any CPU
		{07EC4968-EE0B-4EA9-9ED8-165CED3BB62B}.Debug|x64.ActiveCfg = Debug|Any CPU
		{07EC4968-EE0B-4EA9-9ED8-165CED3BB62B}.Debug|x86.ActiveCfg = Debug|Any CPU
		{07EC4968-EE0B-4EA9-9ED8-165CED3BB62B}.Release|Any CPU.ActiveCfg = Release|Any CPU
		{07EC4968-EE0B-4EA9-9ED8-165CED3BB62B}.Release|Any CPU.Build.0 = Release|Any CPU
		{07EC4968-EE0B-4EA9-9ED8-165CED3BB62B}.Release|ARM.ActiveCfg = Release|Any CPU
		{07EC4968-EE0B-4EA9-9ED8-165CED3BB62B}.Release|x64.ActiveCfg = Release|Any CPU
		{07EC4968-EE0B-4EA9-9ED8-165CED3BB62B}.Release|x86.ActiveCfg = Release|Any CPU
		{EF9CFC2A-7619-4128-A71D-1F55721FE4B7}.Debug|Any CPU.ActiveCfg = Debug|Any CPU
		{EF9CFC2A-7619-4128-A71D-1F55721FE4B7}.Debug|Any CPU.Build.0 = Debug|Any CPU
		{EF9CFC2A-7619-4128-A71D-1F55721FE4B7}.Debug|ARM.ActiveCfg = Debug|Any CPU
		{EF9CFC2A-7619-4128-A71D-1F55721FE4B7}.Debug|ARM.Build.0 = Debug|Any CPU
		{EF9CFC2A-7619-4128-A71D-1F55721FE4B7}.Debug|x64.ActiveCfg = Debug|Any CPU
		{EF9CFC2A-7619-4128-A71D-1F55721FE4B7}.Debug|x64.Build.0 = Debug|Any CPU
		{EF9CFC2A-7619-4128-A71D-1F55721FE4B7}.Debug|x86.ActiveCfg = Debug|Any CPU
		{EF9CFC2A-7619-4128-A71D-1F55721FE4B7}.Debug|x86.Build.0 = Debug|Any CPU
		{EF9CFC2A-7619-4128-A71D-1F55721FE4B7}.Release|Any CPU.ActiveCfg = Release|Any CPU
		{EF9CFC2A-7619-4128-A71D-1F55721FE4B7}.Release|Any CPU.Build.0 = Release|Any CPU
		{EF9CFC2A-7619-4128-A71D-1F55721FE4B7}.Release|ARM.ActiveCfg = Release|Any CPU
		{EF9CFC2A-7619-4128-A71D-1F55721FE4B7}.Release|ARM.Build.0 = Release|Any CPU
		{EF9CFC2A-7619-4128-A71D-1F55721FE4B7}.Release|x64.ActiveCfg = Release|Any CPU
		{EF9CFC2A-7619-4128-A71D-1F55721FE4B7}.Release|x64.Build.0 = Release|Any CPU
		{EF9CFC2A-7619-4128-A71D-1F55721FE4B7}.Release|x86.ActiveCfg = Release|Any CPU
		{EF9CFC2A-7619-4128-A71D-1F55721FE4B7}.Release|x86.Build.0 = Release|Any CPU
		{693F7688-623C-4330-896E-F66D16C69CC7}.Debug|Any CPU.ActiveCfg = Debug|Any CPU
		{693F7688-623C-4330-896E-F66D16C69CC7}.Debug|Any CPU.Build.0 = Debug|Any CPU
		{693F7688-623C-4330-896E-F66D16C69CC7}.Debug|ARM.ActiveCfg = Debug|Any CPU
		{693F7688-623C-4330-896E-F66D16C69CC7}.Debug|ARM.Build.0 = Debug|Any CPU
		{693F7688-623C-4330-896E-F66D16C69CC7}.Debug|x64.ActiveCfg = Debug|Any CPU
		{693F7688-623C-4330-896E-F66D16C69CC7}.Debug|x64.Build.0 = Debug|Any CPU
		{693F7688-623C-4330-896E-F66D16C69CC7}.Debug|x86.ActiveCfg = Debug|Any CPU
		{693F7688-623C-4330-896E-F66D16C69CC7}.Debug|x86.Build.0 = Debug|Any CPU
		{693F7688-623C-4330-896E-F66D16C69CC7}.Release|Any CPU.ActiveCfg = Release|Any CPU
		{693F7688-623C-4330-896E-F66D16C69CC7}.Release|Any CPU.Build.0 = Release|Any CPU
		{693F7688-623C-4330-896E-F66D16C69CC7}.Release|ARM.ActiveCfg = Release|Any CPU
		{693F7688-623C-4330-896E-F66D16C69CC7}.Release|ARM.Build.0 = Release|Any CPU
		{693F7688-623C-4330-896E-F66D16C69CC7}.Release|x64.ActiveCfg = Release|Any CPU
		{693F7688-623C-4330-896E-F66D16C69CC7}.Release|x64.Build.0 = Release|Any CPU
		{693F7688-623C-4330-896E-F66D16C69CC7}.Release|x86.ActiveCfg = Release|Any CPU
		{693F7688-623C-4330-896E-F66D16C69CC7}.Release|x86.Build.0 = Release|Any CPU
		{8BE3DA70-CDBE-4ADA-ACAF-72F8AFCECE07}.Debug|Any CPU.ActiveCfg = Debug|Any CPU
		{8BE3DA70-CDBE-4ADA-ACAF-72F8AFCECE07}.Debug|Any CPU.Build.0 = Debug|Any CPU
		{8BE3DA70-CDBE-4ADA-ACAF-72F8AFCECE07}.Debug|ARM.ActiveCfg = Debug|Any CPU
		{8BE3DA70-CDBE-4ADA-ACAF-72F8AFCECE07}.Debug|ARM.Build.0 = Debug|Any CPU
		{8BE3DA70-CDBE-4ADA-ACAF-72F8AFCECE07}.Debug|x64.ActiveCfg = Debug|Any CPU
		{8BE3DA70-CDBE-4ADA-ACAF-72F8AFCECE07}.Debug|x64.Build.0 = Debug|Any CPU
		{8BE3DA70-CDBE-4ADA-ACAF-72F8AFCECE07}.Debug|x86.ActiveCfg = Debug|Any CPU
		{8BE3DA70-CDBE-4ADA-ACAF-72F8AFCECE07}.Debug|x86.Build.0 = Debug|Any CPU
		{8BE3DA70-CDBE-4ADA-ACAF-72F8AFCECE07}.Release|Any CPU.ActiveCfg = Release|Any CPU
		{8BE3DA70-CDBE-4ADA-ACAF-72F8AFCECE07}.Release|Any CPU.Build.0 = Release|Any CPU
		{8BE3DA70-CDBE-4ADA-ACAF-72F8AFCECE07}.Release|ARM.ActiveCfg = Release|Any CPU
		{8BE3DA70-CDBE-4ADA-ACAF-72F8AFCECE07}.Release|ARM.Build.0 = Release|Any CPU
		{8BE3DA70-CDBE-4ADA-ACAF-72F8AFCECE07}.Release|x64.ActiveCfg = Release|Any CPU
		{8BE3DA70-CDBE-4ADA-ACAF-72F8AFCECE07}.Release|x64.Build.0 = Release|Any CPU
		{8BE3DA70-CDBE-4ADA-ACAF-72F8AFCECE07}.Release|x86.ActiveCfg = Release|Any CPU
		{8BE3DA70-CDBE-4ADA-ACAF-72F8AFCECE07}.Release|x86.Build.0 = Release|Any CPU
	EndGlobalSection
	GlobalSection(SolutionProperties) = preSolution
		HideSolutionNode = FALSE
	EndGlobalSection
	GlobalSection(NestedProjects) = preSolution
		{7D018B3E-34A3-423D-AC35-12731F4E0A2C} = {2D17C2B6-9795-40D3-951A-6A62A3A0FA7C}
		{B2E242BC-9412-43ED-8BFE-3F12199BD649} = {531E6E21-94E9-43C7-AF3F-97E78B42D0C8}
		{DF1D239B-CDEA-4FFF-A84A-4FE0F8B3DC26} = {531E6E21-94E9-43C7-AF3F-97E78B42D0C8}
		{225D06BB-05C9-4C2E-BE28-8E77DC0C67EE} = {0822765A-6BFC-4509-ABC7-31443D56B2EF}
		{9DE8DA2E-AD61-4C49-ACEB-A790CD1E93DE} = {0822765A-6BFC-4509-ABC7-31443D56B2EF}
		{6B8F4473-BF8C-4AF6-8D8C-1B93E628ACF3} = {0822765A-6BFC-4509-ABC7-31443D56B2EF}
		{C02A73FD-8F99-4127-878F-01F929C67BAD} = {0822765A-6BFC-4509-ABC7-31443D56B2EF}
		{E7BB91D2-EAB1-4E06-AC3A-AA865EFEF12B} = {0822765A-6BFC-4509-ABC7-31443D56B2EF}
		{87A53138-12F0-4D07-B85E-734D676D2398} = {5ACC2AD3-6E57-4E3D-B534-8E12CF99C18B}
		{321CEF70-1C21-4CF0-BE04-4F72427A88D6} = {5ACC2AD3-6E57-4E3D-B534-8E12CF99C18B}
		{1C6A45CE-216B-4F3B-8EBC-CB8782B76E7E} = {5ACC2AD3-6E57-4E3D-B534-8E12CF99C18B}
		{1263412A-440E-41F1-9729-3A2B58B03124} = {5ACC2AD3-6E57-4E3D-B534-8E12CF99C18B}
		{CB6B42DE-2464-49A3-9533-8DEBF64A8D8F} = {0822765A-6BFC-4509-ABC7-31443D56B2EF}
		{AA1B1114-2E7C-4B42-BC75-E91888C9C2C1} = {0822765A-6BFC-4509-ABC7-31443D56B2EF}
		{7DC9BFB3-8F43-437D-81E2-BE540A017E70} = {0822765A-6BFC-4509-ABC7-31443D56B2EF}
		{6F1BD5E2-8195-40AD-85B5-CF1BFB3CCE7F} = {0822765A-6BFC-4509-ABC7-31443D56B2EF}
		{637C4B18-56BE-4E75-A7CD-7B79C489D33C} = {0822765A-6BFC-4509-ABC7-31443D56B2EF}
		{55C8A6C6-1852-44DE-BE39-69C04D4C2584} = {98A6896C-CD9D-478F-B74F-D600576C8617}
		{5EFE64A7-50F3-4F80-BCF8-9FFE89832349} = {98A6896C-CD9D-478F-B74F-D600576C8617}
		{BFC1B673-4FB5-4240-8495-095802188DFD} = {98A6896C-CD9D-478F-B74F-D600576C8617}
		{4EAB58EC-EEA6-4183-90B6-847183C9A75F} = {0822765A-6BFC-4509-ABC7-31443D56B2EF}
		{2BFDBAB2-E2DA-4588-AE2D-133896FF8861} = {5ACC2AD3-6E57-4E3D-B534-8E12CF99C18B}
		{F8482A7A-CAA1-4D8B-BD67-1BB5FBD3A938} = {98A6896C-CD9D-478F-B74F-D600576C8617}
		{760CFE4C-3320-4D33-A812-66728EF0B30A} = {5ACC2AD3-6E57-4E3D-B534-8E12CF99C18B}
		{50EA8D8F-AD48-4212-92F7-5A816183DC06} = {98A6896C-CD9D-478F-B74F-D600576C8617}
		{07EC4968-EE0B-4EA9-9ED8-165CED3BB62B} = {0822765A-6BFC-4509-ABC7-31443D56B2EF}
		{EF9CFC2A-7619-4128-A71D-1F55721FE4B7} = {2D17C2B6-9795-40D3-951A-6A62A3A0FA7C}
		{693F7688-623C-4330-896E-F66D16C69CC7} = {2D17C2B6-9795-40D3-951A-6A62A3A0FA7C}
		{8BE3DA70-CDBE-4ADA-ACAF-72F8AFCECE07} = {0822765A-6BFC-4509-ABC7-31443D56B2EF}
	EndGlobalSection
	GlobalSection(ExtensibilityGlobals) = postSolution
		EnterpriseLibraryConfigurationToolBinariesPath = packages\Unity.2.1.505.0\lib\NET35;packages\Unity.Interception.2.1.505.0\lib\NET35;packages\EnterpriseLibrary.Common.5.0.505.0\lib\NET35;packages\EnterpriseLibrary.ExceptionHandling.5.0.505.0\lib\NET35;packages\Unity.2.1.505.2\lib\NET35;packages\Unity.Interception.2.1.505.2\lib\NET35
	EndGlobalSection
EndGlobal
