
Microsoft Visual Studio Solution File, Format Version 12.00
# Visual Studio 2013
VisualStudioVersion = 12.0.31101.0
MinimumVisualStudioVersion = 10.0.40219.1
Project("{FAE04EC0-301F-11D3-BF4B-00C04F79EFBC}") = "Autofac.Extras.DynamicProxy2", "src\Autofac.Extras.DynamicProxy2\Autofac.Extras.DynamicProxy2.csproj", "{20325C68-5988-4AEE-954C-2418901AF12E}"
EndProject
Project("{FAE04EC0-301F-11D3-BF4B-00C04F79EFBC}") = "Autofac.Extras.Tests.DynamicProxy2", "test\Autofac.Extras.Tests.DynamicProxy2\Autofac.Extras.Tests.DynamicProxy2.csproj", "{C2F90D43-6146-4414-8423-D5E6F4EB06D4}"
EndProject
Global
	GlobalSection(SolutionConfigurationPlatforms) = preSolution
		Debug|Any CPU = Debug|Any CPU
		Release|Any CPU = Release|Any CPU
	EndGlobalSection
	GlobalSection(ProjectConfigurationPlatforms) = postSolution
		{20325C68-5988-4AEE-954C-2418901AF12E}.Debug|Any CPU.ActiveCfg = Debug|Any CPU
		{20325C68-5988-4AEE-954C-2418901AF12E}.Debug|Any CPU.Build.0 = Debug|Any CPU
		{20325C68-5988-4AEE-954C-2418901AF12E}.Release|Any CPU.ActiveCfg = Release|Any CPU
		{20325C68-5988-4AEE-954C-2418901AF12E}.Release|Any CPU.Build.0 = Release|Any CPU
		{C2F90D43-6146-4414-8423-D5E6F4EB06D4}.Debug|Any CPU.ActiveCfg = Debug|Any CPU
		{C2F90D43-6146-4414-8423-D5E6F4EB06D4}.Debug|Any CPU.Build.0 = Debug|Any CPU
		{C2F90D43-6146-4414-8423-D5E6F4EB06D4}.Release|Any CPU.ActiveCfg = Release|Any CPU
		{C2F90D43-6146-4414-8423-D5E6F4EB06D4}.Release|Any CPU.Build.0 = Release|Any CPU
	EndGlobalSection
	GlobalSection(SolutionProperties) = preSolution
		HideSolutionNode = FALSE
	EndGlobalSection
EndGlobal
