
Microsoft Visual Studio Solution File, Format Version 12.00
# Visual Studio 14
VisualStudioVersion = 14.0.22512.0
MinimumVisualStudioVersion = 10.0.40219.1
Project("{FAE04EC0-301F-11D3-BF4B-00C04F79EFBC}") = "Autofac", "src\Autofac\Autofac.csproj", "{AE9C841A-1EDF-48A6-B7BB-1ABA67BC96F0}"
EndProject
Project("{FAE04EC0-301F-11D3-BF4B-00C04F79EFBC}") = "Autofac.Test", "test\Autofac.Test\Autofac.Test.csproj", "{206FF1E8-F0E6-4992-9920-17CDCDB1FA12}"
EndProject
Project("{FAE04EC0-301F-11D3-BF4B-00C04F79EFBC}") = "Autofac.Test.Scenarios.ScannedAssembly", "test\Autofac.Test.Scenarios.ScannedAssembly\Autofac.Test.Scenarios.ScannedAssembly.csproj", "{88562F39-66B5-40AD-A8C2-C33F555B6960}"
EndProject
Global
	GlobalSection(SolutionConfigurationPlatforms) = preSolution
		Debug|Any CPU = Debug|Any CPU
		Release|Any CPU = Release|Any CPU
	EndGlobalSection
	GlobalSection(ProjectConfigurationPlatforms) = postSolution
		{AE9C841A-1EDF-48A6-B7BB-1ABA67BC96F0}.Debug|Any CPU.ActiveCfg = Debug|Any CPU
		{AE9C841A-1EDF-48A6-B7BB-1ABA67BC96F0}.Debug|Any CPU.Build.0 = Debug|Any CPU
		{AE9C841A-1EDF-48A6-B7BB-1ABA67BC96F0}.Release|Any CPU.ActiveCfg = Release|Any CPU
		{AE9C841A-1EDF-48A6-B7BB-1ABA67BC96F0}.Release|Any CPU.Build.0 = Release|Any CPU
		{206FF1E8-F0E6-4992-9920-17CDCDB1FA12}.Debug|Any CPU.ActiveCfg = Debug|Any CPU
		{206FF1E8-F0E6-4992-9920-17CDCDB1FA12}.Debug|Any CPU.Build.0 = Debug|Any CPU
		{206FF1E8-F0E6-4992-9920-17CDCDB1FA12}.Release|Any CPU.ActiveCfg = Release|Any CPU
		{206FF1E8-F0E6-4992-9920-17CDCDB1FA12}.Release|Any CPU.Build.0 = Release|Any CPU
		{88562F39-66B5-40AD-A8C2-C33F555B6960}.Debug|Any CPU.ActiveCfg = Debug|Any CPU
		{88562F39-66B5-40AD-A8C2-C33F555B6960}.Debug|Any CPU.Build.0 = Debug|Any CPU
		{88562F39-66B5-40AD-A8C2-C33F555B6960}.Release|Any CPU.ActiveCfg = Release|Any CPU
		{88562F39-66B5-40AD-A8C2-C33F555B6960}.Release|Any CPU.Build.0 = Release|Any CPU
	EndGlobalSection
	GlobalSection(SolutionProperties) = preSolution
		HideSolutionNode = FALSE
	EndGlobalSection
EndGlobal
