
Microsoft Visual Studio Solution File, Format Version 12.00
# Visual Studio 14
VisualStudioVersion = 14.0.23107.0
MinimumVisualStudioVersion = 10.0.40219.1
Project("{FAE04EC0-301F-11D3-BF4B-00C04F79EFBC}") = "Autofac", "src\Autofac\Autofac.csproj", "{AE9C841A-1EDF-48A6-B7BB-1ABA67BC96F0}"
EndProject
Project("{FAE04EC0-301F-11D3-BF4B-00C04F79EFBC}") = "Autofac.Test", "test\Autofac.Test\Autofac.Test.csproj", "{206FF1E8-F0E6-4992-9920-17CDCDB1FA12}"
EndProject
Project("{FAE04EC0-301F-11D3-BF4B-00C04F79EFBC}") = "Autofac.Test.Scenarios.ScannedAssembly", "test\Autofac.Test.Scenarios.ScannedAssembly\Autofac.Test.Scenarios.ScannedAssembly.csproj", "{88562F39-66B5-40AD-A8C2-C33F555B6960}"
EndProject
Project("{2150E333-8FDC-42A3-9474-1A3956D46DE8}") = "src", "src", "{EE6BD7F2-EBAC-4561-B03D-60A33CA01AF7}"
EndProject
Project("{2150E333-8FDC-42A3-9474-1A3956D46DE8}") = "test", "test", "{D9215D8C-45D7-4381-8A3D-E8CA7D0924DB}"
EndProject
Project("{8BB2217D-0F2D-49D1-97BC-3654ED321F3B}") = "Autofac.Framework.DependencyInjection", "src\Autofac.Framework.DependencyInjection\Autofac.Framework.DependencyInjection.xproj", "{513C7F7A-A758-4D48-94F4-891A00F63DA1}"
EndProject
Project("{8BB2217D-0F2D-49D1-97BC-3654ED321F3B}") = "Autofac.Framework.DependencyInjection.Test", "test\Autofac.Framework.DependencyInjection.Test\Autofac.Framework.DependencyInjection.Test.xproj", "{911AA52A-4E68-41C5-AB24-D1618AFDF753}"
EndProject
Project("{2150E333-8FDC-42A3-9474-1A3956D46DE8}") = "samples", "samples", "{F51B4027-79C7-4EA2-B59B-37D3D0835F16}"
EndProject
Project("{8BB2217D-0F2D-49D1-97BC-3654ED321F3B}") = "AutofacWebApiSample", "samples\AutofacWebApiSample\AutofacWebApiSample.xproj", "{081C1CA5-7AA4-4B21-A4E3-8888F9505D54}"
EndProject
Global
	GlobalSection(SolutionConfigurationPlatforms) = preSolution
		Debug|Any CPU = Debug|Any CPU
		Release|Any CPU = Release|Any CPU
	EndGlobalSection
	GlobalSection(ProjectConfigurationPlatforms) = postSolution
		{AE9C841A-1EDF-48A6-B7BB-1ABA67BC96F0}.Debug|Any CPU.ActiveCfg = Debug|Any CPU
		{AE9C841A-1EDF-48A6-B7BB-1ABA67BC96F0}.Debug|Any CPU.Build.0 = Debug|Any CPU
		{AE9C841A-1EDF-48A6-B7BB-1ABA67BC96F0}.Release|Any CPU.ActiveCfg = Release|Any CPU
		{AE9C841A-1EDF-48A6-B7BB-1ABA67BC96F0}.Release|Any CPU.Build.0 = Release|Any CPU
		{206FF1E8-F0E6-4992-9920-17CDCDB1FA12}.Debug|Any CPU.ActiveCfg = Debug|Any CPU
		{206FF1E8-F0E6-4992-9920-17CDCDB1FA12}.Debug|Any CPU.Build.0 = Debug|Any CPU
		{206FF1E8-F0E6-4992-9920-17CDCDB1FA12}.Release|Any CPU.ActiveCfg = Release|Any CPU
		{206FF1E8-F0E6-4992-9920-17CDCDB1FA12}.Release|Any CPU.Build.0 = Release|Any CPU
		{88562F39-66B5-40AD-A8C2-C33F555B6960}.Debug|Any CPU.ActiveCfg = Debug|Any CPU
		{88562F39-66B5-40AD-A8C2-C33F555B6960}.Debug|Any CPU.Build.0 = Debug|Any CPU
		{88562F39-66B5-40AD-A8C2-C33F555B6960}.Release|Any CPU.ActiveCfg = Release|Any CPU
		{88562F39-66B5-40AD-A8C2-C33F555B6960}.Release|Any CPU.Build.0 = Release|Any CPU
		{513C7F7A-A758-4D48-94F4-891A00F63DA1}.Debug|Any CPU.ActiveCfg = Debug|Any CPU
		{513C7F7A-A758-4D48-94F4-891A00F63DA1}.Debug|Any CPU.Build.0 = Debug|Any CPU
		{513C7F7A-A758-4D48-94F4-891A00F63DA1}.Release|Any CPU.ActiveCfg = Release|Any CPU
		{513C7F7A-A758-4D48-94F4-891A00F63DA1}.Release|Any CPU.Build.0 = Release|Any CPU
		{911AA52A-4E68-41C5-AB24-D1618AFDF753}.Debug|Any CPU.ActiveCfg = Debug|Any CPU
		{911AA52A-4E68-41C5-AB24-D1618AFDF753}.Debug|Any CPU.Build.0 = Debug|Any CPU
		{911AA52A-4E68-41C5-AB24-D1618AFDF753}.Release|Any CPU.ActiveCfg = Release|Any CPU
		{911AA52A-4E68-41C5-AB24-D1618AFDF753}.Release|Any CPU.Build.0 = Release|Any CPU
		{081C1CA5-7AA4-4B21-A4E3-8888F9505D54}.Debug|Any CPU.ActiveCfg = Debug|Any CPU
		{081C1CA5-7AA4-4B21-A4E3-8888F9505D54}.Debug|Any CPU.Build.0 = Debug|Any CPU
		{081C1CA5-7AA4-4B21-A4E3-8888F9505D54}.Release|Any CPU.ActiveCfg = Release|Any CPU
		{081C1CA5-7AA4-4B21-A4E3-8888F9505D54}.Release|Any CPU.Build.0 = Release|Any CPU
	EndGlobalSection
	GlobalSection(SolutionProperties) = preSolution
		HideSolutionNode = FALSE
	EndGlobalSection
	GlobalSection(NestedProjects) = preSolution
		{AE9C841A-1EDF-48A6-B7BB-1ABA67BC96F0} = {EE6BD7F2-EBAC-4561-B03D-60A33CA01AF7}
		{206FF1E8-F0E6-4992-9920-17CDCDB1FA12} = {D9215D8C-45D7-4381-8A3D-E8CA7D0924DB}
		{88562F39-66B5-40AD-A8C2-C33F555B6960} = {D9215D8C-45D7-4381-8A3D-E8CA7D0924DB}
		{513C7F7A-A758-4D48-94F4-891A00F63DA1} = {EE6BD7F2-EBAC-4561-B03D-60A33CA01AF7}
		{911AA52A-4E68-41C5-AB24-D1618AFDF753} = {D9215D8C-45D7-4381-8A3D-E8CA7D0924DB}
		{081C1CA5-7AA4-4B21-A4E3-8888F9505D54} = {F51B4027-79C7-4EA2-B59B-37D3D0835F16}
	EndGlobalSection
EndGlobal
