
Microsoft Visual Studio Solution File, Format Version 10.00
# Visual Studio 2008
Project("{FAE04EC0-301F-11D3-BF4B-00C04F79EFBC}") = "TestService", "TestService\TestService.csproj", "{241390C5-FAD9-4A2B-8F51-32F0C8E6BC1A}"
EndProject
Project("{FAE04EC0-301F-11D3-BF4B-00C04F79EFBC}") = "ConsoleApplication1", "ConsoleApplication1\ConsoleApplication1.csproj", "{2C9C5B4F-DF19-4B7E-8A6A-713BAAF73B4C}"
	ProjectSection(ProjectDependencies) = postProject
		{241390C5-FAD9-4A2B-8F51-32F0C8E6BC1A} = {241390C5-FAD9-4A2B-8F51-32F0C8E6BC1A}
	EndProjectSection
EndProject
Global
	GlobalSection(SolutionConfigurationPlatforms) = preSolution
		Debug|Any CPU = Debug|Any CPU
		Release|Any CPU = Release|Any CPU
	EndGlobalSection
	GlobalSection(ProjectConfigurationPlatforms) = postSolution
		{241390C5-FAD9-4A2B-8F51-32F0C8E6BC1A}.Debug|Any CPU.ActiveCfg = Debug|Any CPU
		{241390C5-FAD9-4A2B-8F51-32F0C8E6BC1A}.Debug|Any CPU.Build.0 = Debug|Any CPU
		{241390C5-FAD9-4A2B-8F51-32F0C8E6BC1A}.Release|Any CPU.ActiveCfg = Release|Any CPU
		{241390C5-FAD9-4A2B-8F51-32F0C8E6BC1A}.Release|Any CPU.Build.0 = Release|Any CPU
		{2C9C5B4F-DF19-4B7E-8A6A-713BAAF73B4C}.Debug|Any CPU.ActiveCfg = Debug|Any CPU
		{2C9C5B4F-DF19-4B7E-8A6A-713BAAF73B4C}.Debug|Any CPU.Build.0 = Debug|Any CPU
		{2C9C5B4F-DF19-4B7E-8A6A-713BAAF73B4C}.Release|Any CPU.ActiveCfg = Release|Any CPU
		{2C9C5B4F-DF19-4B7E-8A6A-713BAAF73B4C}.Release|Any CPU.Build.0 = Release|Any CPU
	EndGlobalSection
	GlobalSection(SolutionProperties) = preSolution
		HideSolutionNode = FALSE
	EndGlobalSection
EndGlobal
