
Microsoft Visual Studio Solution File, Format Version 11.00
# Visual Studio 2010
Project("{2150E333-8FDC-42A3-9474-1A3956D46DE8}") = "Source", "Source", "{15DE9887-5721-421E-9EE0-714D8EF2104E}"
EndProject
Project("{2150E333-8FDC-42A3-9474-1A3956D46DE8}") = "Test", "Test", "{3ACB9FCB-420F-4555-BCE4-F98F9A569B70}"
EndProject
Project("{2150E333-8FDC-42A3-9474-1A3956D46DE8}") = "Solution Items", "Solution Items", "{F6BC8907-80FA-491E-9404-29C401A17FD7}"
	ProjectSection(SolutionItems) = preProject
		Autofac.build = Autofac.build
		Source\GlobalAssemblyInfo.cs = Source\GlobalAssemblyInfo.cs
		go.cmd = go.cmd
		Packages.build = Packages.build
		SharedKey.snk = SharedKey.snk
	EndProjectSection
EndProject
Project("{2150E333-8FDC-42A3-9474-1A3956D46DE8}") = "Example", "Example", "{01C16A53-606F-4F57-ADF0-D15974B0832D}"
EndProject
Project("{FAE04EC0-301F-11D3-BF4B-00C04F79EFBC}") = "Autofac", "Source\Autofac\Autofac.csproj", "{7D018B3E-34A3-423D-AC35-12731F4E0A2C}"
EndProject
Project("{FAE04EC0-301F-11D3-BF4B-00C04F79EFBC}") = "Autofac.Integration.Wcf", "Source\Autofac.Integration.Wcf\Autofac.Integration.Wcf.csproj", "{4D5C02D1-C10A-4448-9D7B-8F2A5CCA1D13}"
EndProject
Project("{FAE04EC0-301F-11D3-BF4B-00C04F79EFBC}") = "Autofac.Tests", "Test\Autofac.Tests\Autofac.Tests.csproj", "{B2E242BC-9412-43ED-8BFE-3F12199BD649}"
EndProject
Project("{FAE04EC0-301F-11D3-BF4B-00C04F79EFBC}") = "Autofac.Tests.Integration.Wcf", "Test\Autofac.Tests.Integration.Wcf\Autofac.Tests.Integration.Wcf.csproj", "{E3559C55-D387-4620-AC02-6C3098D4A888}"
EndProject
Project("{FAE04EC0-301F-11D3-BF4B-00C04F79EFBC}") = "Autofac.Integration.Web", "Source\Autofac.Integration.Web\Autofac.Integration.Web.csproj", "{4BDD9D14-BACA-416C-919E-E9FF100F8F5D}"
EndProject
Project("{FAE04EC0-301F-11D3-BF4B-00C04F79EFBC}") = "Autofac.Tests.Integration.Web", "Test\Autofac.Tests.Integration.Web\Autofac.Tests.Integration.Web.csproj", "{929BAA80-5ED7-484B-81C8-A4ACC9FF2009}"
EndProject
Project("{FAE04EC0-301F-11D3-BF4B-00C04F79EFBC}") = "Remember.Web", "Example\Remember.Web\Remember.Web.csproj", "{E7BB91D2-EAB1-4E06-AC3A-AA865EFEF12B}"
EndProject
Project("{FAE04EC0-301F-11D3-BF4B-00C04F79EFBC}") = "Remember.Model", "Example\Remember.Model\Remember.Model.csproj", "{225D06BB-05C9-4C2E-BE28-8E77DC0C67EE}"
EndProject
Project("{FAE04EC0-301F-11D3-BF4B-00C04F79EFBC}") = "Remember.Persistence", "Example\Remember.Persistence\Remember.Persistence.csproj", "{9DE8DA2E-AD61-4C49-ACEB-A790CD1E93DE}"
EndProject
Project("{FAE04EC0-301F-11D3-BF4B-00C04F79EFBC}") = "Remember.Persistence.NHibernate", "Example\Remember.Persistence.NHibernate\Remember.Persistence.NHibernate.csproj", "{6B8F4473-BF8C-4AF6-8D8C-1B93E628ACF3}"
EndProject
Project("{FAE04EC0-301F-11D3-BF4B-00C04F79EFBC}") = "Autofac.Configuration", "Source\Autofac.Configuration\Autofac.Configuration.csproj", "{6B3413BF-5951-400E-88EB-2DC0EABC58F2}"
EndProject
Project("{FAE04EC0-301F-11D3-BF4B-00C04F79EFBC}") = "Autofac.Tests.Configuration", "Test\Autofac.Tests.Configuration\Autofac.Tests.Configuration.csproj", "{E227BC7E-FCB6-4F4E-8281-9D5EDF7E6F78}"
EndProject
Project("{FAE04EC0-301F-11D3-BF4B-00C04F79EFBC}") = "Autofac.Tests.Scenarios.ScannedAssembly", "Test\Autofac.Tests.Scenarios.ScannedAssembly\Autofac.Tests.Scenarios.ScannedAssembly.csproj", "{DF1D239B-CDEA-4FFF-A84A-4FE0F8B3DC26}"
EndProject
Project("{FAE04EC0-301F-11D3-BF4B-00C04F79EFBC}") = "Autofac.Integration.Mef", "Source\Autofac.Integration.Mef\Autofac.Integration.Mef.csproj", "{DEF93D8F-91B1-42C4-967C-43DB609447CA}"
EndProject
Project("{FAE04EC0-301F-11D3-BF4B-00C04F79EFBC}") = "Autofac.Tests.Integration.Mef", "Test\Autofac.Tests.Integration.Mef\Autofac.Tests.Integration.Mef.csproj", "{67AAF374-86A2-47C9-B522-721A94073450}"
EndProject
Project("{FAE04EC0-301F-11D3-BF4B-00C04F79EFBC}") = "Remember.Service", "Example\Remember.Service\Remember.Service.csproj", "{C02A73FD-8F99-4127-878F-01F929C67BAD}"
EndProject
Project("{FAE04EC0-301F-11D3-BF4B-00C04F79EFBC}") = "Autofac.Integration.Mvc", "Source\Autofac.Integration.Mvc\Autofac.Integration.Mvc.csproj", "{DD874E64-C7EC-464D-925F-CF4A709EDEEF}"
EndProject
Project("{FAE04EC0-301F-11D3-BF4B-00C04F79EFBC}") = "Autofac.Tests.Integration.Mvc", "Test\Autofac.Tests.Integration.Mvc\Autofac.Tests.Integration.Mvc.csproj", "{438022BC-2202-4F9D-A3AD-6EA84DB947D2}"
EndProject
Project("{2150E333-8FDC-42A3-9474-1A3956D46DE8}") = "Packages", "Packages", "{3BD47FB1-848D-4780-A089-0983D0F97953}"
EndProject
Project("{2150E333-8FDC-42A3-9474-1A3956D46DE8}") = "Autofac.Web", "Autofac.Web", "{4020F810-7DBB-496E-8C85-2CDC5D63072C}"
	ProjectSection(SolutionItems) = preProject
		Packages\Autofac.Web\Autofac.Web.nuspec = Packages\Autofac.Web\Autofac.Web.nuspec
	EndProjectSection
EndProject
Project("{2150E333-8FDC-42A3-9474-1A3956D46DE8}") = "Autofac_", "Autofac_", "{C6F14D79-CC0C-4D03-8AE9-854320CB009D}"
	ProjectSection(SolutionItems) = preProject
		Packages\Autofac\Autofac.nuspec = Packages\Autofac\Autofac.nuspec
	EndProjectSection
EndProject
Project("{2150E333-8FDC-42A3-9474-1A3956D46DE8}") = "Autofac.Mvc3", "Autofac.Mvc3", "{5E69140E-DDCC-4D33-9D67-DBCB091E1640}"
	ProjectSection(SolutionItems) = preProject
		Packages\Autofac.Mvc3\Autofac.Mvc3.nuspec = Packages\Autofac.Mvc3\Autofac.Mvc3.nuspec
	EndProjectSection
EndProject
Project("{2150E333-8FDC-42A3-9474-1A3956D46DE8}") = "content", "content", "{AB95C267-705A-4F13-AFEF-1CA063BE95CD}"
	ProjectSection(SolutionItems) = preProject
		Packages\Autofac.Web\content\web.config.transform = Packages\Autofac.Web\content\web.config.transform
	EndProjectSection
EndProject
Global
	GlobalSection(SolutionConfigurationPlatforms) = preSolution
		Debug|Any CPU = Debug|Any CPU
		Release|Any CPU = Release|Any CPU
		ReleaseNET35|Any CPU = ReleaseNET35|Any CPU
		ReleaseSL4|Any CPU = ReleaseSL4|Any CPU
	EndGlobalSection
	GlobalSection(ProjectConfigurationPlatforms) = postSolution
		{7D018B3E-34A3-423D-AC35-12731F4E0A2C}.Debug|Any CPU.ActiveCfg = Debug|Any CPU
		{7D018B3E-34A3-423D-AC35-12731F4E0A2C}.Debug|Any CPU.Build.0 = Debug|Any CPU
		{7D018B3E-34A3-423D-AC35-12731F4E0A2C}.Release|Any CPU.ActiveCfg = Release|Any CPU
		{7D018B3E-34A3-423D-AC35-12731F4E0A2C}.Release|Any CPU.Build.0 = Release|Any CPU
		{7D018B3E-34A3-423D-AC35-12731F4E0A2C}.ReleaseNET35|Any CPU.ActiveCfg = Release|Any CPU
		{7D018B3E-34A3-423D-AC35-12731F4E0A2C}.ReleaseNET35|Any CPU.Build.0 = Release|Any CPU
		{7D018B3E-34A3-423D-AC35-12731F4E0A2C}.ReleaseSL4|Any CPU.ActiveCfg = Release|Any CPU
		{7D018B3E-34A3-423D-AC35-12731F4E0A2C}.ReleaseSL4|Any CPU.Build.0 = Release|Any CPU
		{4D5C02D1-C10A-4448-9D7B-8F2A5CCA1D13}.Debug|Any CPU.ActiveCfg = Debug|Any CPU
		{4D5C02D1-C10A-4448-9D7B-8F2A5CCA1D13}.Debug|Any CPU.Build.0 = Debug|Any CPU
		{4D5C02D1-C10A-4448-9D7B-8F2A5CCA1D13}.Release|Any CPU.ActiveCfg = Release|Any CPU
		{4D5C02D1-C10A-4448-9D7B-8F2A5CCA1D13}.Release|Any CPU.Build.0 = Release|Any CPU
		{4D5C02D1-C10A-4448-9D7B-8F2A5CCA1D13}.ReleaseNET35|Any CPU.ActiveCfg = Release|Any CPU
		{4D5C02D1-C10A-4448-9D7B-8F2A5CCA1D13}.ReleaseNET35|Any CPU.Build.0 = Release|Any CPU
		{4D5C02D1-C10A-4448-9D7B-8F2A5CCA1D13}.ReleaseSL4|Any CPU.ActiveCfg = Release|Any CPU
		{B2E242BC-9412-43ED-8BFE-3F12199BD649}.Debug|Any CPU.ActiveCfg = Debug|Any CPU
		{B2E242BC-9412-43ED-8BFE-3F12199BD649}.Debug|Any CPU.Build.0 = Debug|Any CPU
		{B2E242BC-9412-43ED-8BFE-3F12199BD649}.Release|Any CPU.ActiveCfg = Release|Any CPU
		{B2E242BC-9412-43ED-8BFE-3F12199BD649}.Release|Any CPU.Build.0 = Release|Any CPU
		{B2E242BC-9412-43ED-8BFE-3F12199BD649}.ReleaseNET35|Any CPU.ActiveCfg = Release|Any CPU
		{B2E242BC-9412-43ED-8BFE-3F12199BD649}.ReleaseNET35|Any CPU.Build.0 = Release|Any CPU
		{B2E242BC-9412-43ED-8BFE-3F12199BD649}.ReleaseSL4|Any CPU.ActiveCfg = Release|Any CPU
		{E3559C55-D387-4620-AC02-6C3098D4A888}.Debug|Any CPU.ActiveCfg = Debug|Any CPU
		{E3559C55-D387-4620-AC02-6C3098D4A888}.Debug|Any CPU.Build.0 = Debug|Any CPU
		{E3559C55-D387-4620-AC02-6C3098D4A888}.Release|Any CPU.ActiveCfg = Release|Any CPU
		{E3559C55-D387-4620-AC02-6C3098D4A888}.Release|Any CPU.Build.0 = Release|Any CPU
		{E3559C55-D387-4620-AC02-6C3098D4A888}.ReleaseNET35|Any CPU.ActiveCfg = Release|Any CPU
		{E3559C55-D387-4620-AC02-6C3098D4A888}.ReleaseNET35|Any CPU.Build.0 = Release|Any CPU
		{E3559C55-D387-4620-AC02-6C3098D4A888}.ReleaseSL4|Any CPU.ActiveCfg = Release|Any CPU
		{4BDD9D14-BACA-416C-919E-E9FF100F8F5D}.Debug|Any CPU.ActiveCfg = Debug|Any CPU
		{4BDD9D14-BACA-416C-919E-E9FF100F8F5D}.Debug|Any CPU.Build.0 = Debug|Any CPU
		{4BDD9D14-BACA-416C-919E-E9FF100F8F5D}.Release|Any CPU.ActiveCfg = Release|Any CPU
		{4BDD9D14-BACA-416C-919E-E9FF100F8F5D}.Release|Any CPU.Build.0 = Release|Any CPU
		{4BDD9D14-BACA-416C-919E-E9FF100F8F5D}.ReleaseNET35|Any CPU.ActiveCfg = Release|Any CPU
		{4BDD9D14-BACA-416C-919E-E9FF100F8F5D}.ReleaseNET35|Any CPU.Build.0 = Release|Any CPU
		{4BDD9D14-BACA-416C-919E-E9FF100F8F5D}.ReleaseSL4|Any CPU.ActiveCfg = Release|Any CPU
		{929BAA80-5ED7-484B-81C8-A4ACC9FF2009}.Debug|Any CPU.ActiveCfg = Debug|Any CPU
		{929BAA80-5ED7-484B-81C8-A4ACC9FF2009}.Debug|Any CPU.Build.0 = Debug|Any CPU
		{929BAA80-5ED7-484B-81C8-A4ACC9FF2009}.Release|Any CPU.ActiveCfg = Release|Any CPU
		{929BAA80-5ED7-484B-81C8-A4ACC9FF2009}.Release|Any CPU.Build.0 = Release|Any CPU
		{929BAA80-5ED7-484B-81C8-A4ACC9FF2009}.ReleaseNET35|Any CPU.ActiveCfg = Release|Any CPU
		{929BAA80-5ED7-484B-81C8-A4ACC9FF2009}.ReleaseNET35|Any CPU.Build.0 = Release|Any CPU
		{929BAA80-5ED7-484B-81C8-A4ACC9FF2009}.ReleaseSL4|Any CPU.ActiveCfg = Release|Any CPU
		{E7BB91D2-EAB1-4E06-AC3A-AA865EFEF12B}.Debug|Any CPU.ActiveCfg = Debug|Any CPU
		{E7BB91D2-EAB1-4E06-AC3A-AA865EFEF12B}.Debug|Any CPU.Build.0 = Debug|Any CPU
		{E7BB91D2-EAB1-4E06-AC3A-AA865EFEF12B}.Release|Any CPU.ActiveCfg = Release|Any CPU
		{E7BB91D2-EAB1-4E06-AC3A-AA865EFEF12B}.ReleaseNET35|Any CPU.ActiveCfg = Release|Any CPU
		{E7BB91D2-EAB1-4E06-AC3A-AA865EFEF12B}.ReleaseSL4|Any CPU.ActiveCfg = Release|Any CPU
		{225D06BB-05C9-4C2E-BE28-8E77DC0C67EE}.Debug|Any CPU.ActiveCfg = Debug|Any CPU
		{225D06BB-05C9-4C2E-BE28-8E77DC0C67EE}.Debug|Any CPU.Build.0 = Debug|Any CPU
		{225D06BB-05C9-4C2E-BE28-8E77DC0C67EE}.Release|Any CPU.ActiveCfg = Release|Any CPU
		{225D06BB-05C9-4C2E-BE28-8E77DC0C67EE}.ReleaseNET35|Any CPU.ActiveCfg = Release|Any CPU
		{225D06BB-05C9-4C2E-BE28-8E77DC0C67EE}.ReleaseSL4|Any CPU.ActiveCfg = Release|Any CPU
		{9DE8DA2E-AD61-4C49-ACEB-A790CD1E93DE}.Debug|Any CPU.ActiveCfg = Debug|Any CPU
		{9DE8DA2E-AD61-4C49-ACEB-A790CD1E93DE}.Debug|Any CPU.Build.0 = Debug|Any CPU
		{9DE8DA2E-AD61-4C49-ACEB-A790CD1E93DE}.Release|Any CPU.ActiveCfg = Release|Any CPU
		{9DE8DA2E-AD61-4C49-ACEB-A790CD1E93DE}.ReleaseNET35|Any CPU.ActiveCfg = Release|Any CPU
		{9DE8DA2E-AD61-4C49-ACEB-A790CD1E93DE}.ReleaseSL4|Any CPU.ActiveCfg = Release|Any CPU
		{6B8F4473-BF8C-4AF6-8D8C-1B93E628ACF3}.Debug|Any CPU.ActiveCfg = Debug|Any CPU
		{6B8F4473-BF8C-4AF6-8D8C-1B93E628ACF3}.Debug|Any CPU.Build.0 = Debug|Any CPU
		{6B8F4473-BF8C-4AF6-8D8C-1B93E628ACF3}.Release|Any CPU.ActiveCfg = Release|Any CPU
		{6B8F4473-BF8C-4AF6-8D8C-1B93E628ACF3}.ReleaseNET35|Any CPU.ActiveCfg = Release|Any CPU
		{6B8F4473-BF8C-4AF6-8D8C-1B93E628ACF3}.ReleaseSL4|Any CPU.ActiveCfg = Release|Any CPU
		{6B3413BF-5951-400E-88EB-2DC0EABC58F2}.Debug|Any CPU.ActiveCfg = Debug|Any CPU
		{6B3413BF-5951-400E-88EB-2DC0EABC58F2}.Debug|Any CPU.Build.0 = Debug|Any CPU
		{6B3413BF-5951-400E-88EB-2DC0EABC58F2}.Release|Any CPU.ActiveCfg = Release|Any CPU
		{6B3413BF-5951-400E-88EB-2DC0EABC58F2}.Release|Any CPU.Build.0 = Release|Any CPU
		{6B3413BF-5951-400E-88EB-2DC0EABC58F2}.ReleaseNET35|Any CPU.ActiveCfg = Release|Any CPU
		{6B3413BF-5951-400E-88EB-2DC0EABC58F2}.ReleaseNET35|Any CPU.Build.0 = Release|Any CPU
		{6B3413BF-5951-400E-88EB-2DC0EABC58F2}.ReleaseSL4|Any CPU.ActiveCfg = Release|Any CPU
		{E227BC7E-FCB6-4F4E-8281-9D5EDF7E6F78}.Debug|Any CPU.ActiveCfg = Debug|Any CPU
		{E227BC7E-FCB6-4F4E-8281-9D5EDF7E6F78}.Debug|Any CPU.Build.0 = Debug|Any CPU
		{E227BC7E-FCB6-4F4E-8281-9D5EDF7E6F78}.Release|Any CPU.ActiveCfg = Release|Any CPU
		{E227BC7E-FCB6-4F4E-8281-9D5EDF7E6F78}.Release|Any CPU.Build.0 = Release|Any CPU
		{E227BC7E-FCB6-4F4E-8281-9D5EDF7E6F78}.ReleaseNET35|Any CPU.ActiveCfg = Release|Any CPU
		{E227BC7E-FCB6-4F4E-8281-9D5EDF7E6F78}.ReleaseNET35|Any CPU.Build.0 = Release|Any CPU
		{E227BC7E-FCB6-4F4E-8281-9D5EDF7E6F78}.ReleaseSL4|Any CPU.ActiveCfg = Release|Any CPU
		{DF1D239B-CDEA-4FFF-A84A-4FE0F8B3DC26}.Debug|Any CPU.ActiveCfg = Debug|Any CPU
		{DF1D239B-CDEA-4FFF-A84A-4FE0F8B3DC26}.Debug|Any CPU.Build.0 = Debug|Any CPU
		{DF1D239B-CDEA-4FFF-A84A-4FE0F8B3DC26}.Release|Any CPU.ActiveCfg = Release|Any CPU
		{DF1D239B-CDEA-4FFF-A84A-4FE0F8B3DC26}.Release|Any CPU.Build.0 = Release|Any CPU
		{DF1D239B-CDEA-4FFF-A84A-4FE0F8B3DC26}.ReleaseNET35|Any CPU.ActiveCfg = Release|Any CPU
		{DF1D239B-CDEA-4FFF-A84A-4FE0F8B3DC26}.ReleaseNET35|Any CPU.Build.0 = Release|Any CPU
		{DF1D239B-CDEA-4FFF-A84A-4FE0F8B3DC26}.ReleaseSL4|Any CPU.ActiveCfg = Release|Any CPU
		{DEF93D8F-91B1-42C4-967C-43DB609447CA}.Debug|Any CPU.ActiveCfg = Debug|Any CPU
		{DEF93D8F-91B1-42C4-967C-43DB609447CA}.Debug|Any CPU.Build.0 = Debug|Any CPU
		{DEF93D8F-91B1-42C4-967C-43DB609447CA}.Release|Any CPU.ActiveCfg = Release|Any CPU
		{DEF93D8F-91B1-42C4-967C-43DB609447CA}.Release|Any CPU.Build.0 = Release|Any CPU
		{DEF93D8F-91B1-42C4-967C-43DB609447CA}.ReleaseNET35|Any CPU.ActiveCfg = Release|Any CPU
		{DEF93D8F-91B1-42C4-967C-43DB609447CA}.ReleaseSL4|Any CPU.ActiveCfg = Release|Any CPU
		{67AAF374-86A2-47C9-B522-721A94073450}.Debug|Any CPU.ActiveCfg = Debug|Any CPU
		{67AAF374-86A2-47C9-B522-721A94073450}.Debug|Any CPU.Build.0 = Debug|Any CPU
		{67AAF374-86A2-47C9-B522-721A94073450}.Release|Any CPU.ActiveCfg = Release|Any CPU
		{67AAF374-86A2-47C9-B522-721A94073450}.Release|Any CPU.Build.0 = Release|Any CPU
		{67AAF374-86A2-47C9-B522-721A94073450}.ReleaseNET35|Any CPU.ActiveCfg = Release|Any CPU
		{67AAF374-86A2-47C9-B522-721A94073450}.ReleaseSL4|Any CPU.ActiveCfg = Release|Any CPU
		{C02A73FD-8F99-4127-878F-01F929C67BAD}.Debug|Any CPU.ActiveCfg = Debug|Any CPU
		{C02A73FD-8F99-4127-878F-01F929C67BAD}.Debug|Any CPU.Build.0 = Debug|Any CPU
		{C02A73FD-8F99-4127-878F-01F929C67BAD}.Release|Any CPU.ActiveCfg = Release|Any CPU
		{C02A73FD-8F99-4127-878F-01F929C67BAD}.ReleaseNET35|Any CPU.ActiveCfg = Release|Any CPU
		{C02A73FD-8F99-4127-878F-01F929C67BAD}.ReleaseSL4|Any CPU.ActiveCfg = Release|Any CPU
		{DD874E64-C7EC-464D-925F-CF4A709EDEEF}.Debug|Any CPU.ActiveCfg = Debug|Any CPU
		{DD874E64-C7EC-464D-925F-CF4A709EDEEF}.Debug|Any CPU.Build.0 = Debug|Any CPU
		{DD874E64-C7EC-464D-925F-CF4A709EDEEF}.Release|Any CPU.ActiveCfg = Release|Any CPU
		{DD874E64-C7EC-464D-925F-CF4A709EDEEF}.Release|Any CPU.Build.0 = Release|Any CPU
		{DD874E64-C7EC-464D-925F-CF4A709EDEEF}.ReleaseNET35|Any CPU.ActiveCfg = Release|Any CPU
		{DD874E64-C7EC-464D-925F-CF4A709EDEEF}.ReleaseSL4|Any CPU.ActiveCfg = Release|Any CPU
		{438022BC-2202-4F9D-A3AD-6EA84DB947D2}.Debug|Any CPU.ActiveCfg = Debug|Any CPU
		{438022BC-2202-4F9D-A3AD-6EA84DB947D2}.Debug|Any CPU.Build.0 = Debug|Any CPU
		{438022BC-2202-4F9D-A3AD-6EA84DB947D2}.Release|Any CPU.ActiveCfg = Release|Any CPU
		{438022BC-2202-4F9D-A3AD-6EA84DB947D2}.Release|Any CPU.Build.0 = Release|Any CPU
		{438022BC-2202-4F9D-A3AD-6EA84DB947D2}.ReleaseNET35|Any CPU.ActiveCfg = Release|Any CPU
		{438022BC-2202-4F9D-A3AD-6EA84DB947D2}.ReleaseSL4|Any CPU.ActiveCfg = Release|Any CPU
	EndGlobalSection
	GlobalSection(SolutionProperties) = preSolution
		HideSolutionNode = FALSE
	EndGlobalSection
	GlobalSection(NestedProjects) = preSolution
		{7D018B3E-34A3-423D-AC35-12731F4E0A2C} = {15DE9887-5721-421E-9EE0-714D8EF2104E}
		{4D5C02D1-C10A-4448-9D7B-8F2A5CCA1D13} = {15DE9887-5721-421E-9EE0-714D8EF2104E}
		{4BDD9D14-BACA-416C-919E-E9FF100F8F5D} = {15DE9887-5721-421E-9EE0-714D8EF2104E}
		{6B3413BF-5951-400E-88EB-2DC0EABC58F2} = {15DE9887-5721-421E-9EE0-714D8EF2104E}
		{DEF93D8F-91B1-42C4-967C-43DB609447CA} = {15DE9887-5721-421E-9EE0-714D8EF2104E}
		{DD874E64-C7EC-464D-925F-CF4A709EDEEF} = {15DE9887-5721-421E-9EE0-714D8EF2104E}
		{B2E242BC-9412-43ED-8BFE-3F12199BD649} = {3ACB9FCB-420F-4555-BCE4-F98F9A569B70}
		{E3559C55-D387-4620-AC02-6C3098D4A888} = {3ACB9FCB-420F-4555-BCE4-F98F9A569B70}
		{929BAA80-5ED7-484B-81C8-A4ACC9FF2009} = {3ACB9FCB-420F-4555-BCE4-F98F9A569B70}
		{E227BC7E-FCB6-4F4E-8281-9D5EDF7E6F78} = {3ACB9FCB-420F-4555-BCE4-F98F9A569B70}
		{DF1D239B-CDEA-4FFF-A84A-4FE0F8B3DC26} = {3ACB9FCB-420F-4555-BCE4-F98F9A569B70}
		{67AAF374-86A2-47C9-B522-721A94073450} = {3ACB9FCB-420F-4555-BCE4-F98F9A569B70}
		{438022BC-2202-4F9D-A3AD-6EA84DB947D2} = {3ACB9FCB-420F-4555-BCE4-F98F9A569B70}
		{E7BB91D2-EAB1-4E06-AC3A-AA865EFEF12B} = {01C16A53-606F-4F57-ADF0-D15974B0832D}
		{225D06BB-05C9-4C2E-BE28-8E77DC0C67EE} = {01C16A53-606F-4F57-ADF0-D15974B0832D}
		{9DE8DA2E-AD61-4C49-ACEB-A790CD1E93DE} = {01C16A53-606F-4F57-ADF0-D15974B0832D}
		{6B8F4473-BF8C-4AF6-8D8C-1B93E628ACF3} = {01C16A53-606F-4F57-ADF0-D15974B0832D}
		{C02A73FD-8F99-4127-878F-01F929C67BAD} = {01C16A53-606F-4F57-ADF0-D15974B0832D}
		{4020F810-7DBB-496E-8C85-2CDC5D63072C} = {3BD47FB1-848D-4780-A089-0983D0F97953}
		{C6F14D79-CC0C-4D03-8AE9-854320CB009D} = {3BD47FB1-848D-4780-A089-0983D0F97953}
		{5E69140E-DDCC-4D33-9D67-DBCB091E1640} = {3BD47FB1-848D-4780-A089-0983D0F97953}
		{AB95C267-705A-4F13-AFEF-1CA063BE95CD} = {4020F810-7DBB-496E-8C85-2CDC5D63072C}
	EndGlobalSection
EndGlobal
