
Microsoft Visual Studio Solution File, Format Version 10.00
# Visual Studio 2008
Project("{2150E333-8FDC-42A3-9474-1A3956D46DE8}") = "Source", "Source", "{15DE9887-5721-421E-9EE0-714D8EF2104E}"
EndProject
Project("{FAE04EC0-301F-11D3-BF4B-00C04F79EFBC}") = "Autofac", "Source\Autofac\Autofac.csproj", "{7D018B3E-34A3-423D-AC35-12731F4E0A2C}"
EndProject
Project("{2150E333-8FDC-42A3-9474-1A3956D46DE8}") = "Test", "Test", "{3ACB9FCB-420F-4555-BCE4-F98F9A569B70}"
EndProject
Project("{2150E333-8FDC-42A3-9474-1A3956D46DE8}") = "Solution Items", "Solution Items", "{F6BC8907-80FA-491E-9404-29C401A17FD7}"
	ProjectSection(SolutionItems) = preProject
		Autofac.build = Autofac.build
		Autofac.ccnet.build = Autofac.ccnet.build
		Autofac.snk = Autofac.snk
		Source\GlobalAssemblyInfo.cs = Source\GlobalAssemblyInfo.cs
	EndProjectSection
EndProject
Project("{FAE04EC0-301F-11D3-BF4B-00C04F79EFBC}") = "Autofac.Integration.Web", "Source\Autofac.Integration.Web\Autofac.Integration.Web.csproj", "{4BDD9D14-BACA-416C-919E-E9FF100F8F5D}"
EndProject
Project("{2150E333-8FDC-42A3-9474-1A3956D46DE8}") = "Example", "Example", "{01C16A53-606F-4F57-ADF0-D15974B0832D}"
EndProject
Project("{FAE04EC0-301F-11D3-BF4B-00C04F79EFBC}") = "Autofac.Integration.NMock2", "Source\Autofac.Integration.NMock2\Autofac.Integration.NMock2.csproj", "{C1C4B360-02D0-480A-A567-FD53A5D94FBA}"
EndProject
Global
	GlobalSection(SolutionConfigurationPlatforms) = preSolution
		Debug|Any CPU = Debug|Any CPU
		Release|Any CPU = Release|Any CPU
	EndGlobalSection
	GlobalSection(ProjectConfigurationPlatforms) = postSolution
		{7D018B3E-34A3-423D-AC35-12731F4E0A2C}.Debug|Any CPU.ActiveCfg = Debug|Any CPU
		{7D018B3E-34A3-423D-AC35-12731F4E0A2C}.Debug|Any CPU.Build.0 = Debug|Any CPU
		{7D018B3E-34A3-423D-AC35-12731F4E0A2C}.Release|Any CPU.ActiveCfg = Release|Any CPU
		{7D018B3E-34A3-423D-AC35-12731F4E0A2C}.Release|Any CPU.Build.0 = Release|Any CPU
		{4BDD9D14-BACA-416C-919E-E9FF100F8F5D}.Debug|Any CPU.ActiveCfg = Debug|Any CPU
		{4BDD9D14-BACA-416C-919E-E9FF100F8F5D}.Debug|Any CPU.Build.0 = Debug|Any CPU
		{4BDD9D14-BACA-416C-919E-E9FF100F8F5D}.Release|Any CPU.ActiveCfg = Release|Any CPU
		{4BDD9D14-BACA-416C-919E-E9FF100F8F5D}.Release|Any CPU.Build.0 = Release|Any CPU
		{C1C4B360-02D0-480A-A567-FD53A5D94FBA}.Debug|Any CPU.ActiveCfg = Debug|Any CPU
		{C1C4B360-02D0-480A-A567-FD53A5D94FBA}.Debug|Any CPU.Build.0 = Debug|Any CPU
		{C1C4B360-02D0-480A-A567-FD53A5D94FBA}.Release|Any CPU.ActiveCfg = Release|Any CPU
		{C1C4B360-02D0-480A-A567-FD53A5D94FBA}.Release|Any CPU.Build.0 = Release|Any CPU
	EndGlobalSection
	GlobalSection(SolutionProperties) = preSolution
		HideSolutionNode = FALSE
	EndGlobalSection
	GlobalSection(NestedProjects) = preSolution
		{7D018B3E-34A3-423D-AC35-12731F4E0A2C} = {15DE9887-5721-421E-9EE0-714D8EF2104E}
		{4BDD9D14-BACA-416C-919E-E9FF100F8F5D} = {15DE9887-5721-421E-9EE0-714D8EF2104E}
		{C1C4B360-02D0-480A-A567-FD53A5D94FBA} = {15DE9887-5721-421E-9EE0-714D8EF2104E}
	EndGlobalSection
EndGlobal
